// !$*UTF8*$!
{
	archiveVersion = 1;
	classes = {
	};
	objectVersion = 56;
	objects = {

/* Begin PBXBuildFile section */
		1221D8702BF1EFF600CB5EB9 /* DouShouQiApp.swift in Sources */ = {isa = PBXBuildFile; fileRef = 1221D86F2BF1EFF600CB5EB9 /* DouShouQiApp.swift */; };
		1221D8742BF1EFF600CB5EB9 /* Assets.xcassets in Resources */ = {isa = PBXBuildFile; fileRef = 1221D8732BF1EFF600CB5EB9 /* Assets.xcassets */; };
		1221D8772BF1EFF600CB5EB9 /* Preview Assets.xcassets in Resources */ = {isa = PBXBuildFile; fileRef = 1221D8762BF1EFF600CB5EB9 /* Preview Assets.xcassets */; };
		1221D8812BF1EFF600CB5EB9 /* DouShouQiTests.swift in Sources */ = {isa = PBXBuildFile; fileRef = 1221D8802BF1EFF600CB5EB9 /* DouShouQiTests.swift */; };
		1221D88B2BF1EFF600CB5EB9 /* DouShouQiUITests.swift in Sources */ = {isa = PBXBuildFile; fileRef = 1221D88A2BF1EFF600CB5EB9 /* DouShouQiUITests.swift */; };
		1221D88D2BF1EFF600CB5EB9 /* DouShouQiUITestsLaunchTests.swift in Sources */ = {isa = PBXBuildFile; fileRef = 1221D88C2BF1EFF600CB5EB9 /* DouShouQiUITestsLaunchTests.swift */; };
		1221D89B2BF2401D00CB5EB9 /* HomeView.swift in Sources */ = {isa = PBXBuildFile; fileRef = 1221D89A2BF2401D00CB5EB9 /* HomeView.swift */; };
		1221D89F2BF2416600CB5EB9 /* GenericLeftButton.swift in Sources */ = {isa = PBXBuildFile; fileRef = 1221D89E2BF2416600CB5EB9 /* GenericLeftButton.swift */; };
		1221D8A22BF2431600CB5EB9 /* Colors.swift in Sources */ = {isa = PBXBuildFile; fileRef = 1221D8A12BF2431600CB5EB9 /* Colors.swift */; };
		1221D8A52BF244E500CB5EB9 /* RoundedCorner.swift in Sources */ = {isa = PBXBuildFile; fileRef = 1221D8A42BF244E400CB5EB9 /* RoundedCorner.swift */; };
		1221D8A72BF24D4E00CB5EB9 /* Styles.swift in Sources */ = {isa = PBXBuildFile; fileRef = 1221D8A62BF24D4E00CB5EB9 /* Styles.swift */; };
		1221D8A92BF25F1100CB5EB9 /* PrimaryLeftButton.swift in Sources */ = {isa = PBXBuildFile; fileRef = 1221D8A82BF25F1100CB5EB9 /* PrimaryLeftButton.swift */; };
		1221D8AB2BF260E700CB5EB9 /* OptionsLeftButton.swift in Sources */ = {isa = PBXBuildFile; fileRef = 1221D8AA2BF260E700CB5EB9 /* OptionsLeftButton.swift */; };
		122FD9B12BF69F1B000B6D0A /* StartGameView.swift in Sources */ = {isa = PBXBuildFile; fileRef = 122FD9B02BF69F1B000B6D0A /* StartGameView.swift */; };
		122FD9B32BF6A0B9000B6D0A /* PartyResumeCell.swift in Sources */ = {isa = PBXBuildFile; fileRef = 122FD9B22BF6A0B9000B6D0A /* PartyResumeCell.swift */; };
		122FD9B52BF6A377000B6D0A /* BorderEdge.swift in Sources */ = {isa = PBXBuildFile; fileRef = 122FD9B42BF6A377000B6D0A /* BorderEdge.swift */; };
		122FD9B72BF6A71D000B6D0A /* ScrollViewFade.swift in Sources */ = {isa = PBXBuildFile; fileRef = 122FD9B62BF6A71D000B6D0A /* ScrollViewFade.swift */; };
		12C9C5882BF7846D00BB5B39 /* Localizable.xcstrings in Resources */ = {isa = PBXBuildFile; fileRef = 12C9C5872BF7846D00BB5B39 /* Localizable.xcstrings */; };
		C961249A2BFE7B4C00E1E55C /* GameView.swift in Sources */ = {isa = PBXBuildFile; fileRef = C96124992BFE7B4C00E1E55C /* GameView.swift */; };
		C961249C2BFF33F000E1E55C /* PlayerIndicatorCell.swift in Sources */ = {isa = PBXBuildFile; fileRef = C961249B2BFF33F000E1E55C /* PlayerIndicatorCell.swift */; };
		C961249E2BFF33FC00E1E55C /* MoveIndicatorCell.swift in Sources */ = {isa = PBXBuildFile; fileRef = C961249D2BFF33FC00E1E55C /* MoveIndicatorCell.swift */; };
/* End PBXBuildFile section */

/* Begin PBXContainerItemProxy section */
		1221D87D2BF1EFF600CB5EB9 /* PBXContainerItemProxy */ = {
			isa = PBXContainerItemProxy;
			containerPortal = 1221D8642BF1EFF600CB5EB9 /* Project object */;
			proxyType = 1;
			remoteGlobalIDString = 1221D86B2BF1EFF600CB5EB9;
			remoteInfo = DouShouQi;
		};
		1221D8872BF1EFF600CB5EB9 /* PBXContainerItemProxy */ = {
			isa = PBXContainerItemProxy;
			containerPortal = 1221D8642BF1EFF600CB5EB9 /* Project object */;
			proxyType = 1;
			remoteGlobalIDString = 1221D86B2BF1EFF600CB5EB9;
			remoteInfo = DouShouQi;
		};
/* End PBXContainerItemProxy section */

/* Begin PBXFileReference section */
		1221D86C2BF1EFF600CB5EB9 /* DouShouQi.app */ = {isa = PBXFileReference; explicitFileType = wrapper.application; includeInIndex = 0; path = DouShouQi.app; sourceTree = BUILT_PRODUCTS_DIR; };
		1221D86F2BF1EFF600CB5EB9 /* DouShouQiApp.swift */ = {isa = PBXFileReference; lastKnownFileType = sourcecode.swift; path = DouShouQiApp.swift; sourceTree = "<group>"; };
		1221D8732BF1EFF600CB5EB9 /* Assets.xcassets */ = {isa = PBXFileReference; lastKnownFileType = folder.assetcatalog; path = Assets.xcassets; sourceTree = "<group>"; };
		1221D8762BF1EFF600CB5EB9 /* Preview Assets.xcassets */ = {isa = PBXFileReference; lastKnownFileType = folder.assetcatalog; path = "Preview Assets.xcassets"; sourceTree = "<group>"; };
		1221D87C2BF1EFF600CB5EB9 /* DouShouQiTests.xctest */ = {isa = PBXFileReference; explicitFileType = wrapper.cfbundle; includeInIndex = 0; path = DouShouQiTests.xctest; sourceTree = BUILT_PRODUCTS_DIR; };
		1221D8802BF1EFF600CB5EB9 /* DouShouQiTests.swift */ = {isa = PBXFileReference; lastKnownFileType = sourcecode.swift; path = DouShouQiTests.swift; sourceTree = "<group>"; };
		1221D8862BF1EFF600CB5EB9 /* DouShouQiUITests.xctest */ = {isa = PBXFileReference; explicitFileType = wrapper.cfbundle; includeInIndex = 0; path = DouShouQiUITests.xctest; sourceTree = BUILT_PRODUCTS_DIR; };
		1221D88A2BF1EFF600CB5EB9 /* DouShouQiUITests.swift */ = {isa = PBXFileReference; lastKnownFileType = sourcecode.swift; path = DouShouQiUITests.swift; sourceTree = "<group>"; };
		1221D88C2BF1EFF600CB5EB9 /* DouShouQiUITestsLaunchTests.swift */ = {isa = PBXFileReference; lastKnownFileType = sourcecode.swift; path = DouShouQiUITestsLaunchTests.swift; sourceTree = "<group>"; };
		1221D89A2BF2401D00CB5EB9 /* HomeView.swift */ = {isa = PBXFileReference; lastKnownFileType = sourcecode.swift; path = HomeView.swift; sourceTree = "<group>"; };
		1221D89E2BF2416600CB5EB9 /* GenericLeftButton.swift */ = {isa = PBXFileReference; lastKnownFileType = sourcecode.swift; path = GenericLeftButton.swift; sourceTree = "<group>"; };
		1221D8A12BF2431600CB5EB9 /* Colors.swift */ = {isa = PBXFileReference; lastKnownFileType = sourcecode.swift; path = Colors.swift; sourceTree = "<group>"; };
		1221D8A42BF244E400CB5EB9 /* RoundedCorner.swift */ = {isa = PBXFileReference; lastKnownFileType = sourcecode.swift; path = RoundedCorner.swift; sourceTree = "<group>"; };
		1221D8A62BF24D4E00CB5EB9 /* Styles.swift */ = {isa = PBXFileReference; lastKnownFileType = sourcecode.swift; path = Styles.swift; sourceTree = "<group>"; };
		1221D8A82BF25F1100CB5EB9 /* PrimaryLeftButton.swift */ = {isa = PBXFileReference; lastKnownFileType = sourcecode.swift; path = PrimaryLeftButton.swift; sourceTree = "<group>"; };
		1221D8AA2BF260E700CB5EB9 /* OptionsLeftButton.swift */ = {isa = PBXFileReference; lastKnownFileType = sourcecode.swift; path = OptionsLeftButton.swift; sourceTree = "<group>"; };
		122FD9B02BF69F1B000B6D0A /* StartGameView.swift */ = {isa = PBXFileReference; lastKnownFileType = sourcecode.swift; path = StartGameView.swift; sourceTree = "<group>"; };
		122FD9B22BF6A0B9000B6D0A /* PartyResumeCell.swift */ = {isa = PBXFileReference; lastKnownFileType = sourcecode.swift; path = PartyResumeCell.swift; sourceTree = "<group>"; };
		122FD9B42BF6A377000B6D0A /* BorderEdge.swift */ = {isa = PBXFileReference; lastKnownFileType = sourcecode.swift; path = BorderEdge.swift; sourceTree = "<group>"; };
		122FD9B62BF6A71D000B6D0A /* ScrollViewFade.swift */ = {isa = PBXFileReference; lastKnownFileType = sourcecode.swift; path = ScrollViewFade.swift; sourceTree = "<group>"; };
		12C9C5872BF7846D00BB5B39 /* Localizable.xcstrings */ = {isa = PBXFileReference; lastKnownFileType = text.json.xcstrings; path = Localizable.xcstrings; sourceTree = "<group>"; };
		C96124992BFE7B4C00E1E55C /* GameView.swift */ = {isa = PBXFileReference; lastKnownFileType = sourcecode.swift; path = GameView.swift; sourceTree = "<group>"; };
		C961249B2BFF33F000E1E55C /* PlayerIndicatorCell.swift */ = {isa = PBXFileReference; lastKnownFileType = sourcecode.swift; path = PlayerIndicatorCell.swift; sourceTree = "<group>"; };
		C961249D2BFF33FC00E1E55C /* MoveIndicatorCell.swift */ = {isa = PBXFileReference; lastKnownFileType = sourcecode.swift; path = MoveIndicatorCell.swift; sourceTree = "<group>"; };
/* End PBXFileReference section */

/* Begin PBXFrameworksBuildPhase section */
		1221D8692BF1EFF600CB5EB9 /* Frameworks */ = {
			isa = PBXFrameworksBuildPhase;
			buildActionMask = 2147483647;
			files = (
			);
			runOnlyForDeploymentPostprocessing = 0;
		};
		1221D8792BF1EFF600CB5EB9 /* Frameworks */ = {
			isa = PBXFrameworksBuildPhase;
			buildActionMask = 2147483647;
			files = (
			);
			runOnlyForDeploymentPostprocessing = 0;
		};
		1221D8832BF1EFF600CB5EB9 /* Frameworks */ = {
			isa = PBXFrameworksBuildPhase;
			buildActionMask = 2147483647;
			files = (
			);
			runOnlyForDeploymentPostprocessing = 0;
		};
/* End PBXFrameworksBuildPhase section */

/* Begin PBXGroup section */
		1221D8632BF1EFF600CB5EB9 = {
			isa = PBXGroup;
			children = (
				1221D86E2BF1EFF600CB5EB9 /* DouShouQi */,
				1221D87F2BF1EFF600CB5EB9 /* DouShouQiTests */,
				1221D8892BF1EFF600CB5EB9 /* DouShouQiUITests */,
				1221D86D2BF1EFF600CB5EB9 /* Products */,
			);
			sourceTree = "<group>";
		};
		1221D86D2BF1EFF600CB5EB9 /* Products */ = {
			isa = PBXGroup;
			children = (
				1221D86C2BF1EFF600CB5EB9 /* DouShouQi.app */,
				1221D87C2BF1EFF600CB5EB9 /* DouShouQiTests.xctest */,
				1221D8862BF1EFF600CB5EB9 /* DouShouQiUITests.xctest */,
			);
			name = Products;
			sourceTree = "<group>";
		};
		1221D86E2BF1EFF600CB5EB9 /* DouShouQi */ = {
			isa = PBXGroup;
			children = (
				1221D8A32BF244B800CB5EB9 /* Extensions */,
				1221D8A02BF2430600CB5EB9 /* Resources */,
				1221D89D2BF240D400CB5EB9 /* Components */,
				1221D8992BF23FCE00CB5EB9 /* Views */,
				1221D86F2BF1EFF600CB5EB9 /* DouShouQiApp.swift */,
				1221D8732BF1EFF600CB5EB9 /* Assets.xcassets */,
				1221D8752BF1EFF600CB5EB9 /* Preview Content */,
			);
			path = DouShouQi;
			sourceTree = "<group>";
		};
		1221D8752BF1EFF600CB5EB9 /* Preview Content */ = {
			isa = PBXGroup;
			children = (
				1221D8762BF1EFF600CB5EB9 /* Preview Assets.xcassets */,
			);
			path = "Preview Content";
			sourceTree = "<group>";
		};
		1221D87F2BF1EFF600CB5EB9 /* DouShouQiTests */ = {
			isa = PBXGroup;
			children = (
				1221D8802BF1EFF600CB5EB9 /* DouShouQiTests.swift */,
			);
			path = DouShouQiTests;
			sourceTree = "<group>";
		};
		1221D8892BF1EFF600CB5EB9 /* DouShouQiUITests */ = {
			isa = PBXGroup;
			children = (
				1221D88A2BF1EFF600CB5EB9 /* DouShouQiUITests.swift */,
				1221D88C2BF1EFF600CB5EB9 /* DouShouQiUITestsLaunchTests.swift */,
			);
			path = DouShouQiUITests;
			sourceTree = "<group>";
		};
		1221D8992BF23FCE00CB5EB9 /* Views */ = {
			isa = PBXGroup;
			children = (
				1221D89A2BF2401D00CB5EB9 /* HomeView.swift */,
				122FD9B02BF69F1B000B6D0A /* StartGameView.swift */,
				C96124992BFE7B4C00E1E55C /* GameView.swift */,
			);
			path = Views;
			sourceTree = "<group>";
		};
		1221D89D2BF240D400CB5EB9 /* Components */ = {
			isa = PBXGroup;
			children = (
				1221D89E2BF2416600CB5EB9 /* GenericLeftButton.swift */,
				1221D8A82BF25F1100CB5EB9 /* PrimaryLeftButton.swift */,
				1221D8AA2BF260E700CB5EB9 /* OptionsLeftButton.swift */,
				122FD9B22BF6A0B9000B6D0A /* PartyResumeCell.swift */,
				C961249B2BFF33F000E1E55C /* PlayerIndicatorCell.swift */,
				C961249D2BFF33FC00E1E55C /* MoveIndicatorCell.swift */,
			);
			path = Components;
			sourceTree = "<group>";
		};
		1221D8A02BF2430600CB5EB9 /* Resources */ = {
			isa = PBXGroup;
			children = (
				1221D8A12BF2431600CB5EB9 /* Colors.swift */,
				1221D8A62BF24D4E00CB5EB9 /* Styles.swift */,
				12C9C5872BF7846D00BB5B39 /* Localizable.xcstrings */,
			);
			path = Resources;
			sourceTree = "<group>";
		};
		1221D8A32BF244B800CB5EB9 /* Extensions */ = {
			isa = PBXGroup;
			children = (
				1221D8A42BF244E400CB5EB9 /* RoundedCorner.swift */,
				122FD9B42BF6A377000B6D0A /* BorderEdge.swift */,
				122FD9B62BF6A71D000B6D0A /* ScrollViewFade.swift */,
			);
			path = Extensions;
			sourceTree = "<group>";
		};
/* End PBXGroup section */

/* Begin PBXNativeTarget section */
		1221D86B2BF1EFF600CB5EB9 /* DouShouQi */ = {
			isa = PBXNativeTarget;
			buildConfigurationList = 1221D8902BF1EFF600CB5EB9 /* Build configuration list for PBXNativeTarget "DouShouQi" */;
			buildPhases = (
				1221D8682BF1EFF600CB5EB9 /* Sources */,
				1221D8692BF1EFF600CB5EB9 /* Frameworks */,
				1221D86A2BF1EFF600CB5EB9 /* Resources */,
			);
			buildRules = (
			);
			dependencies = (
			);
			name = DouShouQi;
			productName = DouShouQi;
			productReference = 1221D86C2BF1EFF600CB5EB9 /* DouShouQi.app */;
			productType = "com.apple.product-type.application";
		};
		1221D87B2BF1EFF600CB5EB9 /* DouShouQiTests */ = {
			isa = PBXNativeTarget;
			buildConfigurationList = 1221D8932BF1EFF600CB5EB9 /* Build configuration list for PBXNativeTarget "DouShouQiTests" */;
			buildPhases = (
				1221D8782BF1EFF600CB5EB9 /* Sources */,
				1221D8792BF1EFF600CB5EB9 /* Frameworks */,
				1221D87A2BF1EFF600CB5EB9 /* Resources */,
			);
			buildRules = (
			);
			dependencies = (
				1221D87E2BF1EFF600CB5EB9 /* PBXTargetDependency */,
			);
			name = DouShouQiTests;
			productName = DouShouQiTests;
			productReference = 1221D87C2BF1EFF600CB5EB9 /* DouShouQiTests.xctest */;
			productType = "com.apple.product-type.bundle.unit-test";
		};
		1221D8852BF1EFF600CB5EB9 /* DouShouQiUITests */ = {
			isa = PBXNativeTarget;
			buildConfigurationList = 1221D8962BF1EFF600CB5EB9 /* Build configuration list for PBXNativeTarget "DouShouQiUITests" */;
			buildPhases = (
				1221D8822BF1EFF600CB5EB9 /* Sources */,
				1221D8832BF1EFF600CB5EB9 /* Frameworks */,
				1221D8842BF1EFF600CB5EB9 /* Resources */,
			);
			buildRules = (
			);
			dependencies = (
				1221D8882BF1EFF600CB5EB9 /* PBXTargetDependency */,
			);
			name = DouShouQiUITests;
			productName = DouShouQiUITests;
			productReference = 1221D8862BF1EFF600CB5EB9 /* DouShouQiUITests.xctest */;
			productType = "com.apple.product-type.bundle.ui-testing";
		};
/* End PBXNativeTarget section */

/* Begin PBXProject section */
		1221D8642BF1EFF600CB5EB9 /* Project object */ = {
			isa = PBXProject;
			attributes = {
				BuildIndependentTargetsInParallel = 1;
				LastSwiftUpdateCheck = 1530;
				LastUpgradeCheck = 1530;
				TargetAttributes = {
					1221D86B2BF1EFF600CB5EB9 = {
						CreatedOnToolsVersion = 15.3;
					};
					1221D87B2BF1EFF600CB5EB9 = {
						CreatedOnToolsVersion = 15.3;
						TestTargetID = 1221D86B2BF1EFF600CB5EB9;
					};
					1221D8852BF1EFF600CB5EB9 = {
						CreatedOnToolsVersion = 15.3;
						TestTargetID = 1221D86B2BF1EFF600CB5EB9;
					};
				};
			};
			buildConfigurationList = 1221D8672BF1EFF600CB5EB9 /* Build configuration list for PBXProject "DouShouQi" */;
			compatibilityVersion = "Xcode 14.0";
			developmentRegion = en;
			hasScannedForEncodings = 0;
			knownRegions = (
				en,
				Base,
				fr,
			);
			mainGroup = 1221D8632BF1EFF600CB5EB9;
			productRefGroup = 1221D86D2BF1EFF600CB5EB9 /* Products */;
			projectDirPath = "";
			projectRoot = "";
			targets = (
				1221D86B2BF1EFF600CB5EB9 /* DouShouQi */,
				1221D87B2BF1EFF600CB5EB9 /* DouShouQiTests */,
				1221D8852BF1EFF600CB5EB9 /* DouShouQiUITests */,
			);
		};
/* End PBXProject section */

/* Begin PBXResourcesBuildPhase section */
		1221D86A2BF1EFF600CB5EB9 /* Resources */ = {
			isa = PBXResourcesBuildPhase;
			buildActionMask = 2147483647;
			files = (
				1221D8772BF1EFF600CB5EB9 /* Preview Assets.xcassets in Resources */,
				12C9C5882BF7846D00BB5B39 /* Localizable.xcstrings in Resources */,
				1221D8742BF1EFF600CB5EB9 /* Assets.xcassets in Resources */,
			);
			runOnlyForDeploymentPostprocessing = 0;
		};
		1221D87A2BF1EFF600CB5EB9 /* Resources */ = {
			isa = PBXResourcesBuildPhase;
			buildActionMask = 2147483647;
			files = (
			);
			runOnlyForDeploymentPostprocessing = 0;
		};
		1221D8842BF1EFF600CB5EB9 /* Resources */ = {
			isa = PBXResourcesBuildPhase;
			buildActionMask = 2147483647;
			files = (
			);
			runOnlyForDeploymentPostprocessing = 0;
		};
/* End PBXResourcesBuildPhase section */

/* Begin PBXSourcesBuildPhase section */
		1221D8682BF1EFF600CB5EB9 /* Sources */ = {
			isa = PBXSourcesBuildPhase;
			buildActionMask = 2147483647;
			files = (
				1221D8A52BF244E500CB5EB9 /* RoundedCorner.swift in Sources */,
				122FD9B72BF6A71D000B6D0A /* ScrollViewFade.swift in Sources */,
				122FD9B12BF69F1B000B6D0A /* StartGameView.swift in Sources */,
				1221D8A72BF24D4E00CB5EB9 /* Styles.swift in Sources */,
				C961249C2BFF33F000E1E55C /* PlayerIndicatorCell.swift in Sources */,
				1221D89B2BF2401D00CB5EB9 /* HomeView.swift in Sources */,
				122FD9B52BF6A377000B6D0A /* BorderEdge.swift in Sources */,
				1221D8A22BF2431600CB5EB9 /* Colors.swift in Sources */,
				1221D8AB2BF260E700CB5EB9 /* OptionsLeftButton.swift in Sources */,
				1221D8A92BF25F1100CB5EB9 /* PrimaryLeftButton.swift in Sources */,
				122FD9B32BF6A0B9000B6D0A /* PartyResumeCell.swift in Sources */,
				C961249E2BFF33FC00E1E55C /* MoveIndicatorCell.swift in Sources */,
				1221D89F2BF2416600CB5EB9 /* GenericLeftButton.swift in Sources */,
				C961249A2BFE7B4C00E1E55C /* GameView.swift in Sources */,
				1221D8702BF1EFF600CB5EB9 /* DouShouQiApp.swift in Sources */,
			);
			runOnlyForDeploymentPostprocessing = 0;
		};
		1221D8782BF1EFF600CB5EB9 /* Sources */ = {
			isa = PBXSourcesBuildPhase;
			buildActionMask = 2147483647;
			files = (
				1221D8812BF1EFF600CB5EB9 /* DouShouQiTests.swift in Sources */,
			);
			runOnlyForDeploymentPostprocessing = 0;
		};
		1221D8822BF1EFF600CB5EB9 /* Sources */ = {
			isa = PBXSourcesBuildPhase;
			buildActionMask = 2147483647;
			files = (
				1221D88D2BF1EFF600CB5EB9 /* DouShouQiUITestsLaunchTests.swift in Sources */,
				1221D88B2BF1EFF600CB5EB9 /* DouShouQiUITests.swift in Sources */,
			);
			runOnlyForDeploymentPostprocessing = 0;
		};
/* End PBXSourcesBuildPhase section */

/* Begin PBXTargetDependency section */
		1221D87E2BF1EFF600CB5EB9 /* PBXTargetDependency */ = {
			isa = PBXTargetDependency;
			target = 1221D86B2BF1EFF600CB5EB9 /* DouShouQi */;
			targetProxy = 1221D87D2BF1EFF600CB5EB9 /* PBXContainerItemProxy */;
		};
		1221D8882BF1EFF600CB5EB9 /* PBXTargetDependency */ = {
			isa = PBXTargetDependency;
			target = 1221D86B2BF1EFF600CB5EB9 /* DouShouQi */;
			targetProxy = 1221D8872BF1EFF600CB5EB9 /* PBXContainerItemProxy */;
		};
/* End PBXTargetDependency section */

/* Begin XCBuildConfiguration section */
		1221D88E2BF1EFF600CB5EB9 /* Debug */ = {
			isa = XCBuildConfiguration;
			buildSettings = {
				ALWAYS_SEARCH_USER_PATHS = NO;
				ASSETCATALOG_COMPILER_GENERATE_SWIFT_ASSET_SYMBOL_EXTENSIONS = YES;
				CLANG_ANALYZER_NONNULL = YES;
				CLANG_ANALYZER_NUMBER_OBJECT_CONVERSION = YES_AGGRESSIVE;
				CLANG_CXX_LANGUAGE_STANDARD = "gnu++20";
				CLANG_ENABLE_MODULES = YES;
				CLANG_ENABLE_OBJC_ARC = YES;
				CLANG_ENABLE_OBJC_WEAK = YES;
				CLANG_WARN_BLOCK_CAPTURE_AUTORELEASING = YES;
				CLANG_WARN_BOOL_CONVERSION = YES;
				CLANG_WARN_COMMA = YES;
				CLANG_WARN_CONSTANT_CONVERSION = YES;
				CLANG_WARN_DEPRECATED_OBJC_IMPLEMENTATIONS = YES;
				CLANG_WARN_DIRECT_OBJC_ISA_USAGE = YES_ERROR;
				CLANG_WARN_DOCUMENTATION_COMMENTS = YES;
				CLANG_WARN_EMPTY_BODY = YES;
				CLANG_WARN_ENUM_CONVERSION = YES;
				CLANG_WARN_INFINITE_RECURSION = YES;
				CLANG_WARN_INT_CONVERSION = YES;
				CLANG_WARN_NON_LITERAL_NULL_CONVERSION = YES;
				CLANG_WARN_OBJC_IMPLICIT_RETAIN_SELF = YES;
				CLANG_WARN_OBJC_LITERAL_CONVERSION = YES;
				CLANG_WARN_OBJC_ROOT_CLASS = YES_ERROR;
				CLANG_WARN_QUOTED_INCLUDE_IN_FRAMEWORK_HEADER = YES;
				CLANG_WARN_RANGE_LOOP_ANALYSIS = YES;
				CLANG_WARN_STRICT_PROTOTYPES = YES;
				CLANG_WARN_SUSPICIOUS_MOVE = YES;
				CLANG_WARN_UNGUARDED_AVAILABILITY = YES_AGGRESSIVE;
				CLANG_WARN_UNREACHABLE_CODE = YES;
				CLANG_WARN__DUPLICATE_METHOD_MATCH = YES;
				COPY_PHASE_STRIP = NO;
				DEBUG_INFORMATION_FORMAT = dwarf;
				ENABLE_STRICT_OBJC_MSGSEND = YES;
				ENABLE_TESTABILITY = YES;
				ENABLE_USER_SCRIPT_SANDBOXING = YES;
				GCC_C_LANGUAGE_STANDARD = gnu17;
				GCC_DYNAMIC_NO_PIC = NO;
				GCC_NO_COMMON_BLOCKS = YES;
				GCC_OPTIMIZATION_LEVEL = 0;
				GCC_PREPROCESSOR_DEFINITIONS = (
					"DEBUG=1",
					"$(inherited)",
				);
				GCC_WARN_64_TO_32_BIT_CONVERSION = YES;
				GCC_WARN_ABOUT_RETURN_TYPE = YES_ERROR;
				GCC_WARN_UNDECLARED_SELECTOR = YES;
				GCC_WARN_UNINITIALIZED_AUTOS = YES_AGGRESSIVE;
				GCC_WARN_UNUSED_FUNCTION = YES;
				GCC_WARN_UNUSED_VARIABLE = YES;
				IPHONEOS_DEPLOYMENT_TARGET = 17.4;
				LOCALIZATION_PREFERS_STRING_CATALOGS = YES;
				MTL_ENABLE_DEBUG_INFO = INCLUDE_SOURCE;
				MTL_FAST_MATH = YES;
				ONLY_ACTIVE_ARCH = YES;
				SDKROOT = iphoneos;
				SWIFT_ACTIVE_COMPILATION_CONDITIONS = "DEBUG $(inherited)";
				SWIFT_OPTIMIZATION_LEVEL = "-Onone";
			};
			name = Debug;
		};
		1221D88F2BF1EFF600CB5EB9 /* Release */ = {
			isa = XCBuildConfiguration;
			buildSettings = {
				ALWAYS_SEARCH_USER_PATHS = NO;
				ASSETCATALOG_COMPILER_GENERATE_SWIFT_ASSET_SYMBOL_EXTENSIONS = YES;
				CLANG_ANALYZER_NONNULL = YES;
				CLANG_ANALYZER_NUMBER_OBJECT_CONVERSION = YES_AGGRESSIVE;
				CLANG_CXX_LANGUAGE_STANDARD = "gnu++20";
				CLANG_ENABLE_MODULES = YES;
				CLANG_ENABLE_OBJC_ARC = YES;
				CLANG_ENABLE_OBJC_WEAK = YES;
				CLANG_WARN_BLOCK_CAPTURE_AUTORELEASING = YES;
				CLANG_WARN_BOOL_CONVERSION = YES;
				CLANG_WARN_COMMA = YES;
				CLANG_WARN_CONSTANT_CONVERSION = YES;
				CLANG_WARN_DEPRECATED_OBJC_IMPLEMENTATIONS = YES;
				CLANG_WARN_DIRECT_OBJC_ISA_USAGE = YES_ERROR;
				CLANG_WARN_DOCUMENTATION_COMMENTS = YES;
				CLANG_WARN_EMPTY_BODY = YES;
				CLANG_WARN_ENUM_CONVERSION = YES;
				CLANG_WARN_INFINITE_RECURSION = YES;
				CLANG_WARN_INT_CONVERSION = YES;
				CLANG_WARN_NON_LITERAL_NULL_CONVERSION = YES;
				CLANG_WARN_OBJC_IMPLICIT_RETAIN_SELF = YES;
				CLANG_WARN_OBJC_LITERAL_CONVERSION = YES;
				CLANG_WARN_OBJC_ROOT_CLASS = YES_ERROR;
				CLANG_WARN_QUOTED_INCLUDE_IN_FRAMEWORK_HEADER = YES;
				CLANG_WARN_RANGE_LOOP_ANALYSIS = YES;
				CLANG_WARN_STRICT_PROTOTYPES = YES;
				CLANG_WARN_SUSPICIOUS_MOVE = YES;
				CLANG_WARN_UNGUARDED_AVAILABILITY = YES_AGGRESSIVE;
				CLANG_WARN_UNREACHABLE_CODE = YES;
				CLANG_WARN__DUPLICATE_METHOD_MATCH = YES;
				COPY_PHASE_STRIP = NO;
				DEBUG_INFORMATION_FORMAT = "dwarf-with-dsym";
				ENABLE_NS_ASSERTIONS = NO;
				ENABLE_STRICT_OBJC_MSGSEND = YES;
				ENABLE_USER_SCRIPT_SANDBOXING = YES;
				GCC_C_LANGUAGE_STANDARD = gnu17;
				GCC_NO_COMMON_BLOCKS = YES;
				GCC_WARN_64_TO_32_BIT_CONVERSION = YES;
				GCC_WARN_ABOUT_RETURN_TYPE = YES_ERROR;
				GCC_WARN_UNDECLARED_SELECTOR = YES;
				GCC_WARN_UNINITIALIZED_AUTOS = YES_AGGRESSIVE;
				GCC_WARN_UNUSED_FUNCTION = YES;
				GCC_WARN_UNUSED_VARIABLE = YES;
				IPHONEOS_DEPLOYMENT_TARGET = 17.4;
				LOCALIZATION_PREFERS_STRING_CATALOGS = YES;
				MTL_ENABLE_DEBUG_INFO = NO;
				MTL_FAST_MATH = YES;
				SDKROOT = iphoneos;
				SWIFT_COMPILATION_MODE = wholemodule;
				VALIDATE_PRODUCT = YES;
			};
			name = Release;
		};
		1221D8912BF1EFF600CB5EB9 /* Debug */ = {
			isa = XCBuildConfiguration;
			buildSettings = {
				ASSETCATALOG_COMPILER_APPICON_NAME = AppIcon;
				ASSETCATALOG_COMPILER_GLOBAL_ACCENT_COLOR_NAME = AccentColor;
				CODE_SIGN_STYLE = Automatic;
				CURRENT_PROJECT_VERSION = 1;
				DEVELOPMENT_ASSET_PATHS = "\"DouShouQi/Preview Content\"";
				DEVELOPMENT_TEAM = 35KQ5BDC64;
				ENABLE_PREVIEWS = YES;
				GENERATE_INFOPLIST_FILE = YES;
				INFOPLIST_KEY_UIApplicationSceneManifest_Generation = YES;
				INFOPLIST_KEY_UIApplicationSupportsIndirectInputEvents = YES;
				INFOPLIST_KEY_UILaunchScreen_Generation = YES;
				INFOPLIST_KEY_UISupportedInterfaceOrientations_iPad = "UIInterfaceOrientationPortrait UIInterfaceOrientationPortraitUpsideDown UIInterfaceOrientationLandscapeLeft UIInterfaceOrientationLandscapeRight";
				INFOPLIST_KEY_UISupportedInterfaceOrientations_iPhone = "UIInterfaceOrientationPortrait UIInterfaceOrientationLandscapeLeft UIInterfaceOrientationLandscapeRight";
				LD_RUNPATH_SEARCH_PATHS = (
					"$(inherited)",
					"@executable_path/Frameworks",
				);
				MARKETING_VERSION = 1.0;
				PRODUCT_BUNDLE_IDENTIFIER = IOS.DouShouQi;
				PRODUCT_NAME = "$(TARGET_NAME)";
				SWIFT_EMIT_LOC_STRINGS = YES;
				SWIFT_VERSION = 5.0;
				TARGETED_DEVICE_FAMILY = "1,2";
			};
			name = Debug;
		};
		1221D8922BF1EFF600CB5EB9 /* Release */ = {
			isa = XCBuildConfiguration;
			buildSettings = {
				ASSETCATALOG_COMPILER_APPICON_NAME = AppIcon;
				ASSETCATALOG_COMPILER_GLOBAL_ACCENT_COLOR_NAME = AccentColor;
				CODE_SIGN_STYLE = Automatic;
				CURRENT_PROJECT_VERSION = 1;
				DEVELOPMENT_ASSET_PATHS = "\"DouShouQi/Preview Content\"";
				DEVELOPMENT_TEAM = 35KQ5BDC64;
				ENABLE_PREVIEWS = YES;
				GENERATE_INFOPLIST_FILE = YES;
				INFOPLIST_KEY_UIApplicationSceneManifest_Generation = YES;
				INFOPLIST_KEY_UIApplicationSupportsIndirectInputEvents = YES;
				INFOPLIST_KEY_UILaunchScreen_Generation = YES;
				INFOPLIST_KEY_UISupportedInterfaceOrientations_iPad = "UIInterfaceOrientationPortrait UIInterfaceOrientationPortraitUpsideDown UIInterfaceOrientationLandscapeLeft UIInterfaceOrientationLandscapeRight";
				INFOPLIST_KEY_UISupportedInterfaceOrientations_iPhone = "UIInterfaceOrientationPortrait UIInterfaceOrientationLandscapeLeft UIInterfaceOrientationLandscapeRight";
				LD_RUNPATH_SEARCH_PATHS = (
					"$(inherited)",
					"@executable_path/Frameworks",
				);
				MARKETING_VERSION = 1.0;
				PRODUCT_BUNDLE_IDENTIFIER = IOS.DouShouQi;
				PRODUCT_NAME = "$(TARGET_NAME)";
				SWIFT_EMIT_LOC_STRINGS = YES;
				SWIFT_VERSION = 5.0;
				TARGETED_DEVICE_FAMILY = "1,2";
			};
			name = Release;
		};
		1221D8942BF1EFF600CB5EB9 /* Debug */ = {
			isa = XCBuildConfiguration;
			buildSettings = {
				ALWAYS_EMBED_SWIFT_STANDARD_LIBRARIES = YES;
				BUNDLE_LOADER = "$(TEST_HOST)";
				CODE_SIGN_STYLE = Automatic;
				CURRENT_PROJECT_VERSION = 1;
				DEVELOPMENT_TEAM = 35KQ5BDC64;
				GENERATE_INFOPLIST_FILE = YES;
				IPHONEOS_DEPLOYMENT_TARGET = 17.4;
				MARKETING_VERSION = 1.0;
				PRODUCT_BUNDLE_IDENTIFIER = IOS.DouShouQiTests;
				PRODUCT_NAME = "$(TARGET_NAME)";
				SWIFT_EMIT_LOC_STRINGS = NO;
				SWIFT_VERSION = 5.0;
				TARGETED_DEVICE_FAMILY = "1,2";
				TEST_HOST = "$(BUILT_PRODUCTS_DIR)/DouShouQi.app/$(BUNDLE_EXECUTABLE_FOLDER_PATH)/DouShouQi";
			};
			name = Debug;
		};
		1221D8952BF1EFF600CB5EB9 /* Release */ = {
			isa = XCBuildConfiguration;
			buildSettings = {
				ALWAYS_EMBED_SWIFT_STANDARD_LIBRARIES = YES;
				BUNDLE_LOADER = "$(TEST_HOST)";
				CODE_SIGN_STYLE = Automatic;
				CURRENT_PROJECT_VERSION = 1;
				DEVELOPMENT_TEAM = 35KQ5BDC64;
				GENERATE_INFOPLIST_FILE = YES;
				IPHONEOS_DEPLOYMENT_TARGET = 17.4;
				MARKETING_VERSION = 1.0;
				PRODUCT_BUNDLE_IDENTIFIER = IOS.DouShouQiTests;
				PRODUCT_NAME = "$(TARGET_NAME)";
				SWIFT_EMIT_LOC_STRINGS = NO;
				SWIFT_VERSION = 5.0;
				TARGETED_DEVICE_FAMILY = "1,2";
				TEST_HOST = "$(BUILT_PRODUCTS_DIR)/DouShouQi.app/$(BUNDLE_EXECUTABLE_FOLDER_PATH)/DouShouQi";
			};
			name = Release;
		};
		1221D8972BF1EFF600CB5EB9 /* Debug */ = {
			isa = XCBuildConfiguration;
			buildSettings = {
				ALWAYS_EMBED_SWIFT_STANDARD_LIBRARIES = YES;
				CODE_SIGN_STYLE = Automatic;
				CURRENT_PROJECT_VERSION = 1;
				DEVELOPMENT_TEAM = 35KQ5BDC64;
				GENERATE_INFOPLIST_FILE = YES;
				MARKETING_VERSION = 1.0;
				PRODUCT_BUNDLE_IDENTIFIER = IOS.DouShouQiUITests;
				PRODUCT_NAME = "$(TARGET_NAME)";
				SWIFT_EMIT_LOC_STRINGS = NO;
				SWIFT_VERSION = 5.0;
				TARGETED_DEVICE_FAMILY = "1,2";
				TEST_TARGET_NAME = DouShouQi;
			};
			name = Debug;
		};
		1221D8982BF1EFF600CB5EB9 /* Release */ = {
			isa = XCBuildConfiguration;
			buildSettings = {
				ALWAYS_EMBED_SWIFT_STANDARD_LIBRARIES = YES;
				CODE_SIGN_STYLE = Automatic;
				CURRENT_PROJECT_VERSION = 1;
				DEVELOPMENT_TEAM = 35KQ5BDC64;
				GENERATE_INFOPLIST_FILE = YES;
				MARKETING_VERSION = 1.0;
				PRODUCT_BUNDLE_IDENTIFIER = IOS.DouShouQiUITests;
				PRODUCT_NAME = "$(TARGET_NAME)";
				SWIFT_EMIT_LOC_STRINGS = NO;
				SWIFT_VERSION = 5.0;
				TARGETED_DEVICE_FAMILY = "1,2";
				TEST_TARGET_NAME = DouShouQi;
			};
			name = Release;
		};
/* End XCBuildConfiguration section */

/* Begin XCConfigurationList section */
		1221D8672BF1EFF600CB5EB9 /* Build configuration list for PBXProject "DouShouQi" */ = {
			isa = XCConfigurationList;
			buildConfigurations = (
				1221D88E2BF1EFF600CB5EB9 /* Debug */,
				1221D88F2BF1EFF600CB5EB9 /* Release */,
			);
			defaultConfigurationIsVisible = 0;
			defaultConfigurationName = Release;
		};
		1221D8902BF1EFF600CB5EB9 /* Build configuration list for PBXNativeTarget "DouShouQi" */ = {
			isa = XCConfigurationList;
			buildConfigurations = (
				1221D8912BF1EFF600CB5EB9 /* Debug */,
				1221D8922BF1EFF600CB5EB9 /* Release */,
			);
			defaultConfigurationIsVisible = 0;
			defaultConfigurationName = Release;
		};
		1221D8932BF1EFF600CB5EB9 /* Build configuration list for PBXNativeTarget "DouShouQiTests" */ = {
			isa = XCConfigurationList;
			buildConfigurations = (
				1221D8942BF1EFF600CB5EB9 /* Debug */,
				1221D8952BF1EFF600CB5EB9 /* Release */,
			);
			defaultConfigurationIsVisible = 0;
			defaultConfigurationName = Release;
		};
		1221D8962BF1EFF600CB5EB9 /* Build configuration list for PBXNativeTarget "DouShouQiUITests" */ = {
			isa = XCConfigurationList;
			buildConfigurations = (
				1221D8972BF1EFF600CB5EB9 /* Debug */,
				1221D8982BF1EFF600CB5EB9 /* Release */,
			);
			defaultConfigurationIsVisible = 0;
			defaultConfigurationName = Release;
		};
/* End XCConfigurationList section */
	};
	rootObject = 1221D8642BF1EFF600CB5EB9 /* Project object */;
}
