// !$*UTF8*$!
{
	archiveVersion = 1;
	classes = {
	};
	objectVersion = 56;
	objects = {

/* Begin PBXBuildFile section */
		120474FD2BFE13F60044AD97 /* StartTwoPlayersView.swift in Sources */ = {isa = PBXBuildFile; fileRef = 120474FC2BFE13F60044AD97 /* StartTwoPlayersView.swift */; };
		120474FF2BFE143F0044AD97 /* PlayerPreparation.swift in Sources */ = {isa = PBXBuildFile; fileRef = 120474FE2BFE143F0044AD97 /* PlayerPreparation.swift */; };
		120475012BFE14590044AD97 /* UsernameTextInput.swift in Sources */ = {isa = PBXBuildFile; fileRef = 120475002BFE14590044AD97 /* UsernameTextInput.swift */; };
		120475032BFE1B7C0044AD97 /* PicturePicker.swift in Sources */ = {isa = PBXBuildFile; fileRef = 120475022BFE1B7C0044AD97 /* PicturePicker.swift */; };
		120475052BFE8B600044AD97 /* Effects.swift in Sources */ = {isa = PBXBuildFile; fileRef = 120475042BFE8B600044AD97 /* Effects.swift */; };
		1204750A2C00BD6B0044AD97 /* StartOnePlayerView.swift in Sources */ = {isa = PBXBuildFile; fileRef = 120475092C00BD6B0044AD97 /* StartOnePlayerView.swift */; };
		1221D8702BF1EFF600CB5EB9 /* DouShouQiApp.swift in Sources */ = {isa = PBXBuildFile; fileRef = 1221D86F2BF1EFF600CB5EB9 /* DouShouQiApp.swift */; };
		1221D8742BF1EFF600CB5EB9 /* Assets.xcassets in Resources */ = {isa = PBXBuildFile; fileRef = 1221D8732BF1EFF600CB5EB9 /* Assets.xcassets */; };
		1221D8772BF1EFF600CB5EB9 /* Preview Assets.xcassets in Resources */ = {isa = PBXBuildFile; fileRef = 1221D8762BF1EFF600CB5EB9 /* Preview Assets.xcassets */; };
		1221D8812BF1EFF600CB5EB9 /* DouShouQiTests.swift in Sources */ = {isa = PBXBuildFile; fileRef = 1221D8802BF1EFF600CB5EB9 /* DouShouQiTests.swift */; };
		1221D88B2BF1EFF600CB5EB9 /* DouShouQiUITests.swift in Sources */ = {isa = PBXBuildFile; fileRef = 1221D88A2BF1EFF600CB5EB9 /* DouShouQiUITests.swift */; };
		1221D88D2BF1EFF600CB5EB9 /* DouShouQiUITestsLaunchTests.swift in Sources */ = {isa = PBXBuildFile; fileRef = 1221D88C2BF1EFF600CB5EB9 /* DouShouQiUITestsLaunchTests.swift */; };
		1221D89B2BF2401D00CB5EB9 /* HomeView.swift in Sources */ = {isa = PBXBuildFile; fileRef = 1221D89A2BF2401D00CB5EB9 /* HomeView.swift */; };
		1221D89F2BF2416600CB5EB9 /* GenericLeftButton.swift in Sources */ = {isa = PBXBuildFile; fileRef = 1221D89E2BF2416600CB5EB9 /* GenericLeftButton.swift */; };
		1221D8A22BF2431600CB5EB9 /* Colors.swift in Sources */ = {isa = PBXBuildFile; fileRef = 1221D8A12BF2431600CB5EB9 /* Colors.swift */; };
		1221D8A52BF244E500CB5EB9 /* RoundedCorner.swift in Sources */ = {isa = PBXBuildFile; fileRef = 1221D8A42BF244E400CB5EB9 /* RoundedCorner.swift */; };
		1221D8A72BF24D4E00CB5EB9 /* Styles.swift in Sources */ = {isa = PBXBuildFile; fileRef = 1221D8A62BF24D4E00CB5EB9 /* Styles.swift */; };
		1221D8A92BF25F1100CB5EB9 /* PrimaryLeftButton.swift in Sources */ = {isa = PBXBuildFile; fileRef = 1221D8A82BF25F1100CB5EB9 /* PrimaryLeftButton.swift */; };
		1221D8AB2BF260E700CB5EB9 /* OptionsLeftButton.swift in Sources */ = {isa = PBXBuildFile; fileRef = 1221D8AA2BF260E700CB5EB9 /* OptionsLeftButton.swift */; };
		122FD9B12BF69F1B000B6D0A /* StartGameView.swift in Sources */ = {isa = PBXBuildFile; fileRef = 122FD9B02BF69F1B000B6D0A /* StartGameView.swift */; };
		122FD9B32BF6A0B9000B6D0A /* PartyResumeCell.swift in Sources */ = {isa = PBXBuildFile; fileRef = 122FD9B22BF6A0B9000B6D0A /* PartyResumeCell.swift */; };
		122FD9B52BF6A377000B6D0A /* BorderEdge.swift in Sources */ = {isa = PBXBuildFile; fileRef = 122FD9B42BF6A377000B6D0A /* BorderEdge.swift */; };
		122FD9B72BF6A71D000B6D0A /* ScrollViewFade.swift in Sources */ = {isa = PBXBuildFile; fileRef = 122FD9B62BF6A71D000B6D0A /* ScrollViewFade.swift */; };
		123F31D92C0E229F009B6D65 /* RoundedButton.swift in Sources */ = {isa = PBXBuildFile; fileRef = 123F31D82C0E229F009B6D65 /* RoundedButton.swift */; };
		1251D1AE2C18F5CF00BCDF5F /* Player.swift in Sources */ = {isa = PBXBuildFile; fileRef = 1251D1AD2C18F5CF00BCDF5F /* Player.swift */; };
		1251D1B32C199B1400BCDF5F /* DataManager.swift in Sources */ = {isa = PBXBuildFile; fileRef = 1251D1B22C199B1400BCDF5F /* DataManager.swift */; };
		126AB5AF2C09A7B8001555CD /* GameOverStatus.swift in Sources */ = {isa = PBXBuildFile; fileRef = 126AB5AE2C09A7B8001555CD /* GameOverStatus.swift */; };
		126AB5B52C09EE82001555CD /* (null) in Embed Frameworks */ = {isa = PBXBuildFile; settings = {ATTRIBUTES = (CodeSignOnCopy, RemoveHeadersOnCopy, ); }; };
		126AB5B82C09F68F001555CD /* StylesCell.swift in Sources */ = {isa = PBXBuildFile; fileRef = 126AB5B72C09F68F001555CD /* StylesCell.swift */; };
		1276E8F82C2967FC001DDA16 /* GameModel.xcdatamodeld in Sources */ = {isa = PBXBuildFile; fileRef = 1276E8F42C2966B3001DDA16 /* GameModel.xcdatamodeld */; };
		12972BAF2C05D24900FB6BA0 /* OptionsView.swift in Sources */ = {isa = PBXBuildFile; fileRef = 12972BAE2C05D24900FB6BA0 /* OptionsView.swift */; };
		12972BB12C05D2B400FB6BA0 /* OptionsButton.swift in Sources */ = {isa = PBXBuildFile; fileRef = 12972BB02C05D2B400FB6BA0 /* OptionsButton.swift */; };
		12972BB52C05F43300FB6BA0 /* Theme.swift in Sources */ = {isa = PBXBuildFile; fileRef = 12972BB42C05F43300FB6BA0 /* Theme.swift */; };
		12972BB82C06004D00FB6BA0 /* ThemeManager.swift in Sources */ = {isa = PBXBuildFile; fileRef = 12972BB72C06004D00FB6BA0 /* ThemeManager.swift */; };
		12972BBA2C06027100FB6BA0 /* Language.swift in Sources */ = {isa = PBXBuildFile; fileRef = 12972BB92C06027100FB6BA0 /* Language.swift */; };
		12A9E4902C06059200AB8677 /* LanguageManager.swift in Sources */ = {isa = PBXBuildFile; fileRef = 12A9E48F2C06059200AB8677 /* LanguageManager.swift */; };
		12A9E4922C06268300AB8677 /* MenuCell.swift in Sources */ = {isa = PBXBuildFile; fileRef = 12A9E4912C06268300AB8677 /* MenuCell.swift */; };
		12B3069E2C25564700C14B82 /* Image.swift in Sources */ = {isa = PBXBuildFile; fileRef = 12B3069D2C25564700C14B82 /* Image.swift */; };
		12B306A02C26F2C500C14B82 /* StatisticsView.swift in Sources */ = {isa = PBXBuildFile; fileRef = 12B3069F2C26F2C500C14B82 /* StatisticsView.swift */; };
		12B306A22C27045300C14B82 /* UserVM.swift in Sources */ = {isa = PBXBuildFile; fileRef = 12B306A12C27045300C14B82 /* UserVM.swift */; };
		12B306AA2C28460D00C14B82 /* StatisticsCell.swift in Sources */ = {isa = PBXBuildFile; fileRef = 12B306A92C28460D00C14B82 /* StatisticsCell.swift */; };
		12C595272C2974C70025FADE /* Result.swift in Sources */ = {isa = PBXBuildFile; fileRef = 12C595262C2974C70025FADE /* Result.swift */; };
		12C595292C2975B10025FADE /* WinningReason.swift in Sources */ = {isa = PBXBuildFile; fileRef = 12C595282C2975B10025FADE /* WinningReason.swift */; };
		12C9C5882BF7846D00BB5B39 /* Localizable.xcstrings in Resources */ = {isa = PBXBuildFile; fileRef = 12C9C5872BF7846D00BB5B39 /* Localizable.xcstrings */; };
		12CA78882C296D4000D95719 /* DSQ.xcframework in Frameworks */ = {isa = PBXBuildFile; fileRef = 12CA78872C296D4000D95719 /* DSQ.xcframework */; };
		12CA78892C296D4000D95719 /* DSQ.xcframework in Embed Frameworks */ = {isa = PBXBuildFile; fileRef = 12CA78872C296D4000D95719 /* DSQ.xcframework */; settings = {ATTRIBUTES = (CodeSignOnCopy, RemoveHeadersOnCopy, ); }; };
		12E5BA852C20370000110C7E /* HistoricVM.swift in Sources */ = {isa = PBXBuildFile; fileRef = 12E5BA842C20370000110C7E /* HistoricVM.swift */; };
		12F35C942C09A4A4005566B2 /* Strings.swift in Sources */ = {isa = PBXBuildFile; fileRef = 12F35C932C09A4A4005566B2 /* Strings.swift */; };
		BD0C968A2C29AE14006B8702 /* GameContext.swift in Sources */ = {isa = PBXBuildFile; fileRef = BD0C96892C29AE14006B8702 /* GameContext.swift */; };
		BD6B02C42C024B75006838AF /* BoardScene.swift in Sources */ = {isa = PBXBuildFile; fileRef = BD6B02C32C024B75006838AF /* BoardScene.swift */; };
		BD6B02C62C024B9B006838AF /* PieceSprite.swift in Sources */ = {isa = PBXBuildFile; fileRef = BD6B02C52C024B9B006838AF /* PieceSprite.swift */; };
		BD6B02C82C024BD7006838AF /* BoardSceneValues.swift in Sources */ = {isa = PBXBuildFile; fileRef = BD6B02C72C024BD7006838AF /* BoardSceneValues.swift */; };
		BD6B02CF2C0254E7006838AF /* TileSprite.swift in Sources */ = {isa = PBXBuildFile; fileRef = BD6B02CE2C0254E7006838AF /* TileSprite.swift */; };
		BDAA61082C22CB2D00E6387B /* UIImage.swift in Sources */ = {isa = PBXBuildFile; fileRef = BDAA61072C22CB2D00E6387B /* UIImage.swift */; };
		BDD97D7D2C087E42002B1B9E /* Owner.swift in Sources */ = {isa = PBXBuildFile; fileRef = BDD97D7C2C087E42002B1B9E /* Owner.swift */; };
		BDD97D7F2C087E57002B1B9E /* Animal.swift in Sources */ = {isa = PBXBuildFile; fileRef = BDD97D7E2C087E57002B1B9E /* Animal.swift */; };
		BDD97D812C087E6E002B1B9E /* CellType.swift in Sources */ = {isa = PBXBuildFile; fileRef = BDD97D802C087E6E002B1B9E /* CellType.swift */; };
		BDD97D832C087F4E002B1B9E /* GameColors.swift in Sources */ = {isa = PBXBuildFile; fileRef = BDD97D822C087F4E002B1B9E /* GameColors.swift */; };
		BDD97D862C088582002B1B9E /* Move.swift in Sources */ = {isa = PBXBuildFile; fileRef = BDD97D852C088582002B1B9E /* Move.swift */; };
		BDDBC0CC2C1C34FF00DBE5C9 /* Board.swift in Sources */ = {isa = PBXBuildFile; fileRef = BDDBC0CB2C1C34FF00DBE5C9 /* Board.swift */; };
		BDDBC0CF2C1C42CF00DBE5C9 /* NodeType.swift in Sources */ = {isa = PBXBuildFile; fileRef = BDDBC0CE2C1C42CF00DBE5C9 /* NodeType.swift */; };
		BDDBC0D12C1C42E600DBE5C9 /* SKNode.swift in Sources */ = {isa = PBXBuildFile; fileRef = BDDBC0D02C1C42E600DBE5C9 /* SKNode.swift */; };
		C961249A2BFE7B4C00E1E55C /* GameView.swift in Sources */ = {isa = PBXBuildFile; fileRef = C96124992BFE7B4C00E1E55C /* GameView.swift */; };
		C961249C2BFF33F000E1E55C /* PlayerIndicatorCell.swift in Sources */ = {isa = PBXBuildFile; fileRef = C961249B2BFF33F000E1E55C /* PlayerIndicatorCell.swift */; };
		C961249E2BFF33FC00E1E55C /* MoveIndicatorCell.swift in Sources */ = {isa = PBXBuildFile; fileRef = C961249D2BFF33FC00E1E55C /* MoveIndicatorCell.swift */; };
		C96DF7762C1DA4E7003D752B /* cat.usdz in Resources */ = {isa = PBXBuildFile; fileRef = C96DF76D2C1DA4E7003D752B /* cat.usdz */; };
		C96DF7772C1DA4E7003D752B /* rat.usdz in Resources */ = {isa = PBXBuildFile; fileRef = C96DF76E2C1DA4E7003D752B /* rat.usdz */; };
		C96DF7782C1DA4E7003D752B /* tiger.usdz in Resources */ = {isa = PBXBuildFile; fileRef = C96DF76F2C1DA4E7003D752B /* tiger.usdz */; };
		C96DF7792C1DA4E7003D752B /* board.usdz in Resources */ = {isa = PBXBuildFile; fileRef = C96DF7702C1DA4E7003D752B /* board.usdz */; };
		C96DF77A2C1DA4E7003D752B /* dog.usdz in Resources */ = {isa = PBXBuildFile; fileRef = C96DF7712C1DA4E7003D752B /* dog.usdz */; };
		C96DF77B2C1DA4E7003D752B /* leopard.usdz in Resources */ = {isa = PBXBuildFile; fileRef = C96DF7722C1DA4E7003D752B /* leopard.usdz */; };
		C96DF77C2C1DA4E7003D752B /* lion.usdz in Resources */ = {isa = PBXBuildFile; fileRef = C96DF7732C1DA4E7003D752B /* lion.usdz */; };
		C96DF77D2C1DA4E7003D752B /* wolf.usdz in Resources */ = {isa = PBXBuildFile; fileRef = C96DF7742C1DA4E7003D752B /* wolf.usdz */; };
		C96DF77E2C1DA4E7003D752B /* elephant.usdz in Resources */ = {isa = PBXBuildFile; fileRef = C96DF7752C1DA4E7003D752B /* elephant.usdz */; };
		C96DF7802C201B9F003D752B /* ARPiece.swift in Sources */ = {isa = PBXBuildFile; fileRef = C96DF77F2C201B9F003D752B /* ARPiece.swift */; };
		C96DF7822C201BD4003D752B /* ARBoard.swift in Sources */ = {isa = PBXBuildFile; fileRef = C96DF7812C201BD4003D752B /* ARBoard.swift */; };
		C98C7F642C29B99D007784C7 /* DSQ.xcframework in Frameworks */ = {isa = PBXBuildFile; fileRef = C9F3CCC82C28A757000845FF /* DSQ.xcframework */; };
		C98C7F652C29B99D007784C7 /* DSQ.xcframework in Embed Frameworks */ = {isa = PBXBuildFile; fileRef = C9F3CCC82C28A757000845FF /* DSQ.xcframework */; settings = {ATTRIBUTES = (CodeSignOnCopy, RemoveHeadersOnCopy, ); }; };
		C9940B552C0885230016CE9F /* GameVM.swift in Sources */ = {isa = PBXBuildFile; fileRef = C9940B542C0885230016CE9F /* GameVM.swift */; };
		C9940B572C0CF7D30016CE9F /* User.swift in Sources */ = {isa = PBXBuildFile; fileRef = C9940B562C0CF7D30016CE9F /* User.swift */; };
		C9FE18AC2C19D1340066DD85 /* GameARViewReprensentable.swift in Sources */ = {isa = PBXBuildFile; fileRef = C9FE18AB2C19D1340066DD85 /* GameARViewReprensentable.swift */; };
		C9FE18AE2C19D1490066DD85 /* GameARView.swift in Sources */ = {isa = PBXBuildFile; fileRef = C9FE18AD2C19D1490066DD85 /* GameARView.swift */; };
/* End PBXBuildFile section */

/* Begin PBXContainerItemProxy section */
		1221D87D2BF1EFF600CB5EB9 /* PBXContainerItemProxy */ = {
			isa = PBXContainerItemProxy;
			containerPortal = 1221D8642BF1EFF600CB5EB9 /* Project object */;
			proxyType = 1;
			remoteGlobalIDString = 1221D86B2BF1EFF600CB5EB9;
			remoteInfo = DouShouQi;
		};
		1221D8872BF1EFF600CB5EB9 /* PBXContainerItemProxy */ = {
			isa = PBXContainerItemProxy;
			containerPortal = 1221D8642BF1EFF600CB5EB9 /* Project object */;
			proxyType = 1;
			remoteGlobalIDString = 1221D86B2BF1EFF600CB5EB9;
			remoteInfo = DouShouQi;
		};
/* End PBXContainerItemProxy section */

/* Begin PBXCopyFilesBuildPhase section */
		126AB5B62C09EE82001555CD /* Embed Frameworks */ = {
			isa = PBXCopyFilesBuildPhase;
			buildActionMask = 2147483647;
			dstPath = "";
			dstSubfolderSpec = 10;
			files = (
				C98C7F652C29B99D007784C7 /* DSQ.xcframework in Embed Frameworks */,
				12CA78892C296D4000D95719 /* DSQ.xcframework in Embed Frameworks */,
				126AB5B52C09EE82001555CD /* (null) in Embed Frameworks */,
			);
			name = "Embed Frameworks";
			runOnlyForDeploymentPostprocessing = 0;
		};
/* End PBXCopyFilesBuildPhase section */

/* Begin PBXFileReference section */
		120474FC2BFE13F60044AD97 /* StartTwoPlayersView.swift */ = {isa = PBXFileReference; lastKnownFileType = sourcecode.swift; path = StartTwoPlayersView.swift; sourceTree = "<group>"; };
		120474FE2BFE143F0044AD97 /* PlayerPreparation.swift */ = {isa = PBXFileReference; lastKnownFileType = sourcecode.swift; path = PlayerPreparation.swift; sourceTree = "<group>"; };
		120475002BFE14590044AD97 /* UsernameTextInput.swift */ = {isa = PBXFileReference; lastKnownFileType = sourcecode.swift; path = UsernameTextInput.swift; sourceTree = "<group>"; };
		120475022BFE1B7C0044AD97 /* PicturePicker.swift */ = {isa = PBXFileReference; lastKnownFileType = sourcecode.swift; path = PicturePicker.swift; sourceTree = "<group>"; };
		120475042BFE8B600044AD97 /* Effects.swift */ = {isa = PBXFileReference; lastKnownFileType = sourcecode.swift; path = Effects.swift; sourceTree = "<group>"; };
		120475092C00BD6B0044AD97 /* StartOnePlayerView.swift */ = {isa = PBXFileReference; lastKnownFileType = sourcecode.swift; path = StartOnePlayerView.swift; sourceTree = "<group>"; };
		1221D86C2BF1EFF600CB5EB9 /* DouShouQi.app */ = {isa = PBXFileReference; explicitFileType = wrapper.application; includeInIndex = 0; path = DouShouQi.app; sourceTree = BUILT_PRODUCTS_DIR; };
		1221D86F2BF1EFF600CB5EB9 /* DouShouQiApp.swift */ = {isa = PBXFileReference; lastKnownFileType = sourcecode.swift; path = DouShouQiApp.swift; sourceTree = "<group>"; };
		1221D8732BF1EFF600CB5EB9 /* Assets.xcassets */ = {isa = PBXFileReference; lastKnownFileType = folder.assetcatalog; path = Assets.xcassets; sourceTree = "<group>"; };
		1221D8762BF1EFF600CB5EB9 /* Preview Assets.xcassets */ = {isa = PBXFileReference; lastKnownFileType = folder.assetcatalog; path = "Preview Assets.xcassets"; sourceTree = "<group>"; };
		1221D87C2BF1EFF600CB5EB9 /* DouShouQiTests.xctest */ = {isa = PBXFileReference; explicitFileType = wrapper.cfbundle; includeInIndex = 0; path = DouShouQiTests.xctest; sourceTree = BUILT_PRODUCTS_DIR; };
		1221D8802BF1EFF600CB5EB9 /* DouShouQiTests.swift */ = {isa = PBXFileReference; lastKnownFileType = sourcecode.swift; path = DouShouQiTests.swift; sourceTree = "<group>"; };
		1221D8862BF1EFF600CB5EB9 /* DouShouQiUITests.xctest */ = {isa = PBXFileReference; explicitFileType = wrapper.cfbundle; includeInIndex = 0; path = DouShouQiUITests.xctest; sourceTree = BUILT_PRODUCTS_DIR; };
		1221D88A2BF1EFF600CB5EB9 /* DouShouQiUITests.swift */ = {isa = PBXFileReference; lastKnownFileType = sourcecode.swift; path = DouShouQiUITests.swift; sourceTree = "<group>"; };
		1221D88C2BF1EFF600CB5EB9 /* DouShouQiUITestsLaunchTests.swift */ = {isa = PBXFileReference; lastKnownFileType = sourcecode.swift; path = DouShouQiUITestsLaunchTests.swift; sourceTree = "<group>"; };
		1221D89A2BF2401D00CB5EB9 /* HomeView.swift */ = {isa = PBXFileReference; lastKnownFileType = sourcecode.swift; path = HomeView.swift; sourceTree = "<group>"; };
		1221D89E2BF2416600CB5EB9 /* GenericLeftButton.swift */ = {isa = PBXFileReference; lastKnownFileType = sourcecode.swift; path = GenericLeftButton.swift; sourceTree = "<group>"; };
		1221D8A12BF2431600CB5EB9 /* Colors.swift */ = {isa = PBXFileReference; lastKnownFileType = sourcecode.swift; path = Colors.swift; sourceTree = "<group>"; };
		1221D8A42BF244E400CB5EB9 /* RoundedCorner.swift */ = {isa = PBXFileReference; lastKnownFileType = sourcecode.swift; path = RoundedCorner.swift; sourceTree = "<group>"; };
		1221D8A62BF24D4E00CB5EB9 /* Styles.swift */ = {isa = PBXFileReference; lastKnownFileType = sourcecode.swift; path = Styles.swift; sourceTree = "<group>"; };
		1221D8A82BF25F1100CB5EB9 /* PrimaryLeftButton.swift */ = {isa = PBXFileReference; lastKnownFileType = sourcecode.swift; path = PrimaryLeftButton.swift; sourceTree = "<group>"; };
		1221D8AA2BF260E700CB5EB9 /* OptionsLeftButton.swift */ = {isa = PBXFileReference; lastKnownFileType = sourcecode.swift; path = OptionsLeftButton.swift; sourceTree = "<group>"; };
		122FD9B02BF69F1B000B6D0A /* StartGameView.swift */ = {isa = PBXFileReference; lastKnownFileType = sourcecode.swift; path = StartGameView.swift; sourceTree = "<group>"; };
		122FD9B22BF6A0B9000B6D0A /* PartyResumeCell.swift */ = {isa = PBXFileReference; lastKnownFileType = sourcecode.swift; path = PartyResumeCell.swift; sourceTree = "<group>"; };
		122FD9B42BF6A377000B6D0A /* BorderEdge.swift */ = {isa = PBXFileReference; lastKnownFileType = sourcecode.swift; path = BorderEdge.swift; sourceTree = "<group>"; };
		122FD9B62BF6A71D000B6D0A /* ScrollViewFade.swift */ = {isa = PBXFileReference; lastKnownFileType = sourcecode.swift; path = ScrollViewFade.swift; sourceTree = "<group>"; };
		123F31D82C0E229F009B6D65 /* RoundedButton.swift */ = {isa = PBXFileReference; lastKnownFileType = sourcecode.swift; path = RoundedButton.swift; sourceTree = "<group>"; };
		1251D1AD2C18F5CF00BCDF5F /* Player.swift */ = {isa = PBXFileReference; lastKnownFileType = sourcecode.swift; path = Player.swift; sourceTree = "<group>"; };
		1251D1B22C199B1400BCDF5F /* DataManager.swift */ = {isa = PBXFileReference; lastKnownFileType = sourcecode.swift; path = DataManager.swift; sourceTree = "<group>"; };
		126AB5AE2C09A7B8001555CD /* GameOverStatus.swift */ = {isa = PBXFileReference; lastKnownFileType = sourcecode.swift; path = GameOverStatus.swift; sourceTree = "<group>"; };
		126AB5B72C09F68F001555CD /* StylesCell.swift */ = {isa = PBXFileReference; lastKnownFileType = sourcecode.swift; path = StylesCell.swift; sourceTree = "<group>"; };
		1276E8F52C2966B3001DDA16 /* GameModel.xcdatamodel */ = {isa = PBXFileReference; lastKnownFileType = wrapper.xcdatamodel; path = GameModel.xcdatamodel; sourceTree = "<group>"; };
		12972BAE2C05D24900FB6BA0 /* OptionsView.swift */ = {isa = PBXFileReference; lastKnownFileType = sourcecode.swift; path = OptionsView.swift; sourceTree = "<group>"; };
		12972BB02C05D2B400FB6BA0 /* OptionsButton.swift */ = {isa = PBXFileReference; lastKnownFileType = sourcecode.swift; path = OptionsButton.swift; sourceTree = "<group>"; };
		12972BB42C05F43300FB6BA0 /* Theme.swift */ = {isa = PBXFileReference; lastKnownFileType = sourcecode.swift; path = Theme.swift; sourceTree = "<group>"; };
		12972BB72C06004D00FB6BA0 /* ThemeManager.swift */ = {isa = PBXFileReference; lastKnownFileType = sourcecode.swift; path = ThemeManager.swift; sourceTree = "<group>"; };
		12972BB92C06027100FB6BA0 /* Language.swift */ = {isa = PBXFileReference; lastKnownFileType = sourcecode.swift; path = Language.swift; sourceTree = "<group>"; };
		12A9E48F2C06059200AB8677 /* LanguageManager.swift */ = {isa = PBXFileReference; lastKnownFileType = sourcecode.swift; path = LanguageManager.swift; sourceTree = "<group>"; };
		12A9E4912C06268300AB8677 /* MenuCell.swift */ = {isa = PBXFileReference; lastKnownFileType = sourcecode.swift; path = MenuCell.swift; sourceTree = "<group>"; };
		12B3069D2C25564700C14B82 /* Image.swift */ = {isa = PBXFileReference; lastKnownFileType = sourcecode.swift; path = Image.swift; sourceTree = "<group>"; };
		12B3069F2C26F2C500C14B82 /* StatisticsView.swift */ = {isa = PBXFileReference; lastKnownFileType = sourcecode.swift; path = StatisticsView.swift; sourceTree = "<group>"; };
		12B306A12C27045300C14B82 /* UserVM.swift */ = {isa = PBXFileReference; lastKnownFileType = sourcecode.swift; path = UserVM.swift; sourceTree = "<group>"; };
		12B306A92C28460D00C14B82 /* StatisticsCell.swift */ = {isa = PBXFileReference; lastKnownFileType = sourcecode.swift; path = StatisticsCell.swift; sourceTree = "<group>"; };
		12C595262C2974C70025FADE /* Result.swift */ = {isa = PBXFileReference; lastKnownFileType = sourcecode.swift; path = Result.swift; sourceTree = "<group>"; };
		12C595282C2975B10025FADE /* WinningReason.swift */ = {isa = PBXFileReference; lastKnownFileType = sourcecode.swift; path = WinningReason.swift; sourceTree = "<group>"; };
		12C9C5872BF7846D00BB5B39 /* Localizable.xcstrings */ = {isa = PBXFileReference; lastKnownFileType = text.json.xcstrings; path = Localizable.xcstrings; sourceTree = "<group>"; };
		12CA78872C296D4000D95719 /* DSQ.xcframework */ = {isa = PBXFileReference; lastKnownFileType = wrapper.xcframework; name = DSQ.xcframework; path = ../../../../SwiftUI_ARKit_2024/XCFramework/DSQ.xcframework; sourceTree = "<group>"; };
		12E5BA842C20370000110C7E /* HistoricVM.swift */ = {isa = PBXFileReference; lastKnownFileType = sourcecode.swift; path = HistoricVM.swift; sourceTree = "<group>"; };
		12F35C932C09A4A4005566B2 /* Strings.swift */ = {isa = PBXFileReference; lastKnownFileType = sourcecode.swift; path = Strings.swift; sourceTree = "<group>"; };
		BD0C96892C29AE14006B8702 /* GameContext.swift */ = {isa = PBXFileReference; lastKnownFileType = sourcecode.swift; path = GameContext.swift; sourceTree = "<group>"; };
		BD0C968B2C29B5D7006B8702 /* DSQ.xcframework */ = {isa = PBXFileReference; lastKnownFileType = wrapper.xcframework; name = DSQ.xcframework; path = ../../../SwiftUI_ARKit_2024/XCFramework/DSQ.xcframework; sourceTree = "<group>"; };
		BD6B02C32C024B75006838AF /* BoardScene.swift */ = {isa = PBXFileReference; lastKnownFileType = sourcecode.swift; path = BoardScene.swift; sourceTree = "<group>"; };
		BD6B02C52C024B9B006838AF /* PieceSprite.swift */ = {isa = PBXFileReference; lastKnownFileType = sourcecode.swift; path = PieceSprite.swift; sourceTree = "<group>"; };
		BD6B02C72C024BD7006838AF /* BoardSceneValues.swift */ = {isa = PBXFileReference; lastKnownFileType = sourcecode.swift; path = BoardSceneValues.swift; sourceTree = "<group>"; };
		BD6B02CE2C0254E7006838AF /* TileSprite.swift */ = {isa = PBXFileReference; lastKnownFileType = sourcecode.swift; path = TileSprite.swift; sourceTree = "<group>"; };
		BDAA61072C22CB2D00E6387B /* UIImage.swift */ = {isa = PBXFileReference; lastKnownFileType = sourcecode.swift; path = UIImage.swift; sourceTree = "<group>"; };
		BDD97D7C2C087E42002B1B9E /* Owner.swift */ = {isa = PBXFileReference; lastKnownFileType = sourcecode.swift; path = Owner.swift; sourceTree = "<group>"; };
		BDD97D7E2C087E57002B1B9E /* Animal.swift */ = {isa = PBXFileReference; lastKnownFileType = sourcecode.swift; path = Animal.swift; sourceTree = "<group>"; };
		BDD97D802C087E6E002B1B9E /* CellType.swift */ = {isa = PBXFileReference; lastKnownFileType = sourcecode.swift; path = CellType.swift; sourceTree = "<group>"; };
		BDD97D822C087F4E002B1B9E /* GameColors.swift */ = {isa = PBXFileReference; lastKnownFileType = sourcecode.swift; path = GameColors.swift; sourceTree = "<group>"; };
		BDD97D852C088582002B1B9E /* Move.swift */ = {isa = PBXFileReference; lastKnownFileType = sourcecode.swift; path = Move.swift; sourceTree = "<group>"; };
		BDDBC0CB2C1C34FF00DBE5C9 /* Board.swift */ = {isa = PBXFileReference; lastKnownFileType = sourcecode.swift; path = Board.swift; sourceTree = "<group>"; };
		BDDBC0CE2C1C42CF00DBE5C9 /* NodeType.swift */ = {isa = PBXFileReference; lastKnownFileType = sourcecode.swift; path = NodeType.swift; sourceTree = "<group>"; };
		BDDBC0D02C1C42E600DBE5C9 /* SKNode.swift */ = {isa = PBXFileReference; lastKnownFileType = sourcecode.swift; path = SKNode.swift; sourceTree = "<group>"; };
		C96124992BFE7B4C00E1E55C /* GameView.swift */ = {isa = PBXFileReference; lastKnownFileType = sourcecode.swift; path = GameView.swift; sourceTree = "<group>"; };
		C961249B2BFF33F000E1E55C /* PlayerIndicatorCell.swift */ = {isa = PBXFileReference; lastKnownFileType = sourcecode.swift; path = PlayerIndicatorCell.swift; sourceTree = "<group>"; };
		C961249D2BFF33FC00E1E55C /* MoveIndicatorCell.swift */ = {isa = PBXFileReference; lastKnownFileType = sourcecode.swift; path = MoveIndicatorCell.swift; sourceTree = "<group>"; };
		C96DF76D2C1DA4E7003D752B /* cat.usdz */ = {isa = PBXFileReference; lastKnownFileType = file.usdz; path = cat.usdz; sourceTree = "<group>"; };
		C96DF76E2C1DA4E7003D752B /* rat.usdz */ = {isa = PBXFileReference; lastKnownFileType = file.usdz; path = rat.usdz; sourceTree = "<group>"; };
		C96DF76F2C1DA4E7003D752B /* tiger.usdz */ = {isa = PBXFileReference; lastKnownFileType = file.usdz; path = tiger.usdz; sourceTree = "<group>"; };
		C96DF7702C1DA4E7003D752B /* board.usdz */ = {isa = PBXFileReference; lastKnownFileType = file.usdz; path = board.usdz; sourceTree = "<group>"; };
		C96DF7712C1DA4E7003D752B /* dog.usdz */ = {isa = PBXFileReference; lastKnownFileType = file.usdz; path = dog.usdz; sourceTree = "<group>"; };
		C96DF7722C1DA4E7003D752B /* leopard.usdz */ = {isa = PBXFileReference; lastKnownFileType = file.usdz; path = leopard.usdz; sourceTree = "<group>"; };
		C96DF7732C1DA4E7003D752B /* lion.usdz */ = {isa = PBXFileReference; lastKnownFileType = file.usdz; path = lion.usdz; sourceTree = "<group>"; };
		C96DF7742C1DA4E7003D752B /* wolf.usdz */ = {isa = PBXFileReference; lastKnownFileType = file.usdz; path = wolf.usdz; sourceTree = "<group>"; };
		C96DF7752C1DA4E7003D752B /* elephant.usdz */ = {isa = PBXFileReference; lastKnownFileType = file.usdz; path = elephant.usdz; sourceTree = "<group>"; };
		C96DF77F2C201B9F003D752B /* ARPiece.swift */ = {isa = PBXFileReference; lastKnownFileType = sourcecode.swift; path = ARPiece.swift; sourceTree = "<group>"; };
		C96DF7812C201BD4003D752B /* ARBoard.swift */ = {isa = PBXFileReference; lastKnownFileType = sourcecode.swift; path = ARBoard.swift; sourceTree = "<group>"; };
		C9940B542C0885230016CE9F /* GameVM.swift */ = {isa = PBXFileReference; lastKnownFileType = sourcecode.swift; path = GameVM.swift; sourceTree = "<group>"; };
		C9940B562C0CF7D30016CE9F /* User.swift */ = {isa = PBXFileReference; lastKnownFileType = sourcecode.swift; path = User.swift; sourceTree = "<group>"; };
		C9F3CCC82C28A757000845FF /* DSQ.xcframework */ = {isa = PBXFileReference; lastKnownFileType = wrapper.xcframework; name = DSQ.xcframework; path = ../../../Projects/SwiftUI_ARKit_2024/XCFramework/DSQ.xcframework; sourceTree = "<group>"; };
		C9FE18AB2C19D1340066DD85 /* GameARViewReprensentable.swift */ = {isa = PBXFileReference; lastKnownFileType = sourcecode.swift; path = GameARViewReprensentable.swift; sourceTree = "<group>"; };
		C9FE18AD2C19D1490066DD85 /* GameARView.swift */ = {isa = PBXFileReference; lastKnownFileType = sourcecode.swift; path = GameARView.swift; sourceTree = "<group>"; };
/* End PBXFileReference section */

/* Begin PBXFrameworksBuildPhase section */
		1221D8692BF1EFF600CB5EB9 /* Frameworks */ = {
			isa = PBXFrameworksBuildPhase;
			buildActionMask = 2147483647;
			files = (
				C98C7F642C29B99D007784C7 /* DSQ.xcframework in Frameworks */,
				12CA78882C296D4000D95719 /* DSQ.xcframework in Frameworks */,
			);
			runOnlyForDeploymentPostprocessing = 0;
		};
		1221D8792BF1EFF600CB5EB9 /* Frameworks */ = {
			isa = PBXFrameworksBuildPhase;
			buildActionMask = 2147483647;
			files = (
			);
			runOnlyForDeploymentPostprocessing = 0;
		};
		1221D8832BF1EFF600CB5EB9 /* Frameworks */ = {
			isa = PBXFrameworksBuildPhase;
			buildActionMask = 2147483647;
			files = (
			);
			runOnlyForDeploymentPostprocessing = 0;
		};
/* End PBXFrameworksBuildPhase section */

/* Begin PBXGroup section */
		1221D8632BF1EFF600CB5EB9 = {
			isa = PBXGroup;
			children = (
				1276E8F42C2966B3001DDA16 /* GameModel.xcdatamodeld */,
				1221D86E2BF1EFF600CB5EB9 /* DouShouQi */,
				1221D87F2BF1EFF600CB5EB9 /* DouShouQiTests */,
				1221D8892BF1EFF600CB5EB9 /* DouShouQiUITests */,
				1221D86D2BF1EFF600CB5EB9 /* Products */,
				BD6B02C92C024ED7006838AF /* Frameworks */,
			);
			sourceTree = "<group>";
		};
		1221D86D2BF1EFF600CB5EB9 /* Products */ = {
			isa = PBXGroup;
			children = (
				1221D86C2BF1EFF600CB5EB9 /* DouShouQi.app */,
				1221D87C2BF1EFF600CB5EB9 /* DouShouQiTests.xctest */,
				1221D8862BF1EFF600CB5EB9 /* DouShouQiUITests.xctest */,
			);
			name = Products;
			sourceTree = "<group>";
		};
		1221D86E2BF1EFF600CB5EB9 /* DouShouQi */ = {
			isa = PBXGroup;
			children = (
				C9FE18AA2C19D1160066DD85 /* ARComponents */,
				1251D1B12C199AF700BCDF5F /* DataPersistence */,
				C9940B532C0882840016CE9F /* ViewModels */,
				12972BB22C05F42000FB6BA0 /* Model */,
				BD6B02C22C024B5C006838AF /* Scenes */,
				1221D8A32BF244B800CB5EB9 /* Extensions */,
				1221D8A02BF2430600CB5EB9 /* Resources */,
				1221D89D2BF240D400CB5EB9 /* Components */,
				1221D8992BF23FCE00CB5EB9 /* Views */,
				1221D86F2BF1EFF600CB5EB9 /* DouShouQiApp.swift */,
				1221D8732BF1EFF600CB5EB9 /* Assets.xcassets */,
				1221D8752BF1EFF600CB5EB9 /* Preview Content */,
			);
			path = DouShouQi;
			sourceTree = "<group>";
		};
		1221D8752BF1EFF600CB5EB9 /* Preview Content */ = {
			isa = PBXGroup;
			children = (
				1221D8762BF1EFF600CB5EB9 /* Preview Assets.xcassets */,
			);
			path = "Preview Content";
			sourceTree = "<group>";
		};
		1221D87F2BF1EFF600CB5EB9 /* DouShouQiTests */ = {
			isa = PBXGroup;
			children = (
				1221D8802BF1EFF600CB5EB9 /* DouShouQiTests.swift */,
			);
			path = DouShouQiTests;
			sourceTree = "<group>";
		};
		1221D8892BF1EFF600CB5EB9 /* DouShouQiUITests */ = {
			isa = PBXGroup;
			children = (
				1221D88A2BF1EFF600CB5EB9 /* DouShouQiUITests.swift */,
				1221D88C2BF1EFF600CB5EB9 /* DouShouQiUITestsLaunchTests.swift */,
			);
			path = DouShouQiUITests;
			sourceTree = "<group>";
		};
		1221D8992BF23FCE00CB5EB9 /* Views */ = {
			isa = PBXGroup;
			children = (
				1221D89A2BF2401D00CB5EB9 /* HomeView.swift */,
				122FD9B02BF69F1B000B6D0A /* StartGameView.swift */,
				120474FC2BFE13F60044AD97 /* StartTwoPlayersView.swift */,
				120475092C00BD6B0044AD97 /* StartOnePlayerView.swift */,
				C96124992BFE7B4C00E1E55C /* GameView.swift */,
				12972BAE2C05D24900FB6BA0 /* OptionsView.swift */,
				12B3069F2C26F2C500C14B82 /* StatisticsView.swift */,
			);
			path = Views;
			sourceTree = "<group>";
		};
		1221D89D2BF240D400CB5EB9 /* Components */ = {
			isa = PBXGroup;
			children = (
				1221D89E2BF2416600CB5EB9 /* GenericLeftButton.swift */,
				1221D8A82BF25F1100CB5EB9 /* PrimaryLeftButton.swift */,
				1221D8AA2BF260E700CB5EB9 /* OptionsLeftButton.swift */,
				122FD9B22BF6A0B9000B6D0A /* PartyResumeCell.swift */,
				120474FE2BFE143F0044AD97 /* PlayerPreparation.swift */,
				120475002BFE14590044AD97 /* UsernameTextInput.swift */,
				120475022BFE1B7C0044AD97 /* PicturePicker.swift */,
				C961249B2BFF33F000E1E55C /* PlayerIndicatorCell.swift */,
				C961249D2BFF33FC00E1E55C /* MoveIndicatorCell.swift */,
				12972BB02C05D2B400FB6BA0 /* OptionsButton.swift */,
				12A9E4912C06268300AB8677 /* MenuCell.swift */,
				126AB5AE2C09A7B8001555CD /* GameOverStatus.swift */,
				123F31D82C0E229F009B6D65 /* RoundedButton.swift */,
				12B306A92C28460D00C14B82 /* StatisticsCell.swift */,
			);
			path = Components;
			sourceTree = "<group>";
		};
		1221D8A02BF2430600CB5EB9 /* Resources */ = {
			isa = PBXGroup;
			children = (
				C96DF69D2C1C3D47003D752B /* ARObjects */,
				1221D8A12BF2431600CB5EB9 /* Colors.swift */,
				1221D8A62BF24D4E00CB5EB9 /* Styles.swift */,
				12C9C5872BF7846D00BB5B39 /* Localizable.xcstrings */,
				120475042BFE8B600044AD97 /* Effects.swift */,
			);
			path = Resources;
			sourceTree = "<group>";
		};
		1221D8A32BF244B800CB5EB9 /* Extensions */ = {
			isa = PBXGroup;
			children = (
				1221D8A42BF244E400CB5EB9 /* RoundedCorner.swift */,
				122FD9B42BF6A377000B6D0A /* BorderEdge.swift */,
				122FD9B62BF6A71D000B6D0A /* ScrollViewFade.swift */,
				BDD97D7C2C087E42002B1B9E /* Owner.swift */,
				BDD97D7E2C087E57002B1B9E /* Animal.swift */,
				BDD97D802C087E6E002B1B9E /* CellType.swift */,
				BDD97D852C088582002B1B9E /* Move.swift */,
				126AB5B72C09F68F001555CD /* StylesCell.swift */,
				12F35C932C09A4A4005566B2 /* Strings.swift */,
				1251D1AD2C18F5CF00BCDF5F /* Player.swift */,
				BDDBC0CB2C1C34FF00DBE5C9 /* Board.swift */,
				BDDBC0D02C1C42E600DBE5C9 /* SKNode.swift */,
				BDAA61072C22CB2D00E6387B /* UIImage.swift */,
				12B3069D2C25564700C14B82 /* Image.swift */,
				12C595262C2974C70025FADE /* Result.swift */,
				12C595282C2975B10025FADE /* WinningReason.swift */,
			);
			path = Extensions;
			sourceTree = "<group>";
		};
		1251D1B12C199AF700BCDF5F /* DataPersistence */ = {
			isa = PBXGroup;
			children = (
				1251D1B22C199B1400BCDF5F /* DataManager.swift */,
			);
			path = DataPersistence;
			sourceTree = "<group>";
		};
		12972BB22C05F42000FB6BA0 /* Model */ = {
			isa = PBXGroup;
			children = (
				12972BB62C06003600FB6BA0 /* managers */,
				12972BB32C05F42600FB6BA0 /* enums */,
				C9940B562C0CF7D30016CE9F /* User.swift */,
				BD0C96892C29AE14006B8702 /* GameContext.swift */,
			);
			path = Model;
			sourceTree = "<group>";
		};
		12972BB32C05F42600FB6BA0 /* enums */ = {
			isa = PBXGroup;
			children = (
				12972BB42C05F43300FB6BA0 /* Theme.swift */,
				12972BB92C06027100FB6BA0 /* Language.swift */,
				BDDBC0CE2C1C42CF00DBE5C9 /* NodeType.swift */,
			);
			path = enums;
			sourceTree = "<group>";
		};
		12972BB62C06003600FB6BA0 /* managers */ = {
			isa = PBXGroup;
			children = (
				12972BB72C06004D00FB6BA0 /* ThemeManager.swift */,
				12A9E48F2C06059200AB8677 /* LanguageManager.swift */,
			);
			path = managers;
			sourceTree = "<group>";
		};
		BD6B02C22C024B5C006838AF /* Scenes */ = {
			isa = PBXGroup;
			children = (
				BD6B02C32C024B75006838AF /* BoardScene.swift */,
				BD6B02C52C024B9B006838AF /* PieceSprite.swift */,
				BD6B02CE2C0254E7006838AF /* TileSprite.swift */,
				BD6B02C72C024BD7006838AF /* BoardSceneValues.swift */,
				BDD97D822C087F4E002B1B9E /* GameColors.swift */,
			);
			path = Scenes;
			sourceTree = "<group>";
		};
		BD6B02C92C024ED7006838AF /* Frameworks */ = {
			isa = PBXGroup;
			children = (
				BD0C968B2C29B5D7006B8702 /* DSQ.xcframework */,
				C9F3CCC82C28A757000845FF /* DSQ.xcframework */,
				12CA78872C296D4000D95719 /* DSQ.xcframework */,
				C9940B4F2C0881D60016CE9F /* DSQ.xcframework */,
			);
			name = Frameworks;
			sourceTree = "<group>";
		};
		C96DF69D2C1C3D47003D752B /* ARObjects */ = {
			isa = PBXGroup;
			children = (
				C96DF7702C1DA4E7003D752B /* board.usdz */,
				C96DF76D2C1DA4E7003D752B /* cat.usdz */,
				C96DF7712C1DA4E7003D752B /* dog.usdz */,
				C96DF7752C1DA4E7003D752B /* elephant.usdz */,
				C96DF7722C1DA4E7003D752B /* leopard.usdz */,
				C96DF7732C1DA4E7003D752B /* lion.usdz */,
				C96DF76E2C1DA4E7003D752B /* rat.usdz */,
				C96DF76F2C1DA4E7003D752B /* tiger.usdz */,
				C96DF7742C1DA4E7003D752B /* wolf.usdz */,
			);
			path = ARObjects;
			sourceTree = "<group>";
		};
		C9940B532C0882840016CE9F /* ViewModels */ = {
			isa = PBXGroup;
			children = (
				C9940B542C0885230016CE9F /* GameVM.swift */,
				12E5BA842C20370000110C7E /* HistoricVM.swift */,
				12B306A12C27045300C14B82 /* UserVM.swift */,
			);
			path = ViewModels;
			sourceTree = "<group>";
		};
		C9FE18AA2C19D1160066DD85 /* ARComponents */ = {
			isa = PBXGroup;
			children = (
				C9FE18AB2C19D1340066DD85 /* GameARViewReprensentable.swift */,
				C9FE18AD2C19D1490066DD85 /* GameARView.swift */,
				C96DF77F2C201B9F003D752B /* ARPiece.swift */,
				C96DF7812C201BD4003D752B /* ARBoard.swift */,
			);
			path = ARComponents;
			sourceTree = "<group>";
		};
/* End PBXGroup section */

/* Begin PBXNativeTarget section */
		1221D86B2BF1EFF600CB5EB9 /* DouShouQi */ = {
			isa = PBXNativeTarget;
			buildConfigurationList = 1221D8902BF1EFF600CB5EB9 /* Build configuration list for PBXNativeTarget "DouShouQi" */;
			buildPhases = (
				1221D8682BF1EFF600CB5EB9 /* Sources */,
				1221D8692BF1EFF600CB5EB9 /* Frameworks */,
				1221D86A2BF1EFF600CB5EB9 /* Resources */,
				126AB5B62C09EE82001555CD /* Embed Frameworks */,
			);
			buildRules = (
			);
			dependencies = (
			);
			name = DouShouQi;
			productName = DouShouQi;
			productReference = 1221D86C2BF1EFF600CB5EB9 /* DouShouQi.app */;
			productType = "com.apple.product-type.application";
		};
		1221D87B2BF1EFF600CB5EB9 /* DouShouQiTests */ = {
			isa = PBXNativeTarget;
			buildConfigurationList = 1221D8932BF1EFF600CB5EB9 /* Build configuration list for PBXNativeTarget "DouShouQiTests" */;
			buildPhases = (
				1221D8782BF1EFF600CB5EB9 /* Sources */,
				1221D8792BF1EFF600CB5EB9 /* Frameworks */,
				1221D87A2BF1EFF600CB5EB9 /* Resources */,
			);
			buildRules = (
			);
			dependencies = (
				1221D87E2BF1EFF600CB5EB9 /* PBXTargetDependency */,
			);
			name = DouShouQiTests;
			productName = DouShouQiTests;
			productReference = 1221D87C2BF1EFF600CB5EB9 /* DouShouQiTests.xctest */;
			productType = "com.apple.product-type.bundle.unit-test";
		};
		1221D8852BF1EFF600CB5EB9 /* DouShouQiUITests */ = {
			isa = PBXNativeTarget;
			buildConfigurationList = 1221D8962BF1EFF600CB5EB9 /* Build configuration list for PBXNativeTarget "DouShouQiUITests" */;
			buildPhases = (
				1221D8822BF1EFF600CB5EB9 /* Sources */,
				1221D8832BF1EFF600CB5EB9 /* Frameworks */,
				1221D8842BF1EFF600CB5EB9 /* Resources */,
			);
			buildRules = (
			);
			dependencies = (
				1221D8882BF1EFF600CB5EB9 /* PBXTargetDependency */,
			);
			name = DouShouQiUITests;
			productName = DouShouQiUITests;
			productReference = 1221D8862BF1EFF600CB5EB9 /* DouShouQiUITests.xctest */;
			productType = "com.apple.product-type.bundle.ui-testing";
		};
/* End PBXNativeTarget section */

/* Begin PBXProject section */
		1221D8642BF1EFF600CB5EB9 /* Project object */ = {
			isa = PBXProject;
			attributes = {
				BuildIndependentTargetsInParallel = 1;
				LastSwiftUpdateCheck = 1530;
				LastUpgradeCheck = 1530;
				TargetAttributes = {
					1221D86B2BF1EFF600CB5EB9 = {
						CreatedOnToolsVersion = 15.3;
					};
					1221D87B2BF1EFF600CB5EB9 = {
						CreatedOnToolsVersion = 15.3;
						TestTargetID = 1221D86B2BF1EFF600CB5EB9;
					};
					1221D8852BF1EFF600CB5EB9 = {
						CreatedOnToolsVersion = 15.3;
						TestTargetID = 1221D86B2BF1EFF600CB5EB9;
					};
				};
			};
			buildConfigurationList = 1221D8672BF1EFF600CB5EB9 /* Build configuration list for PBXProject "DouShouQi" */;
			compatibilityVersion = "Xcode 14.0";
			developmentRegion = en;
			hasScannedForEncodings = 0;
			knownRegions = (
				en,
				Base,
				fr,
			);
			mainGroup = 1221D8632BF1EFF600CB5EB9;
			productRefGroup = 1221D86D2BF1EFF600CB5EB9 /* Products */;
			projectDirPath = "";
			projectRoot = "";
			targets = (
				1221D86B2BF1EFF600CB5EB9 /* DouShouQi */,
				1221D87B2BF1EFF600CB5EB9 /* DouShouQiTests */,
				1221D8852BF1EFF600CB5EB9 /* DouShouQiUITests */,
			);
		};
/* End PBXProject section */

/* Begin PBXResourcesBuildPhase section */
		1221D86A2BF1EFF600CB5EB9 /* Resources */ = {
			isa = PBXResourcesBuildPhase;
			buildActionMask = 2147483647;
			files = (
				C96DF77D2C1DA4E7003D752B /* wolf.usdz in Resources */,
				C96DF7762C1DA4E7003D752B /* cat.usdz in Resources */,
				C96DF77E2C1DA4E7003D752B /* elephant.usdz in Resources */,
				1221D8772BF1EFF600CB5EB9 /* Preview Assets.xcassets in Resources */,
				12C9C5882BF7846D00BB5B39 /* Localizable.xcstrings in Resources */,
				1221D8742BF1EFF600CB5EB9 /* Assets.xcassets in Resources */,
				C96DF7792C1DA4E7003D752B /* board.usdz in Resources */,
				C96DF7772C1DA4E7003D752B /* rat.usdz in Resources */,
				C96DF77A2C1DA4E7003D752B /* dog.usdz in Resources */,
				C96DF77C2C1DA4E7003D752B /* lion.usdz in Resources */,
				C96DF7782C1DA4E7003D752B /* tiger.usdz in Resources */,
				C96DF77B2C1DA4E7003D752B /* leopard.usdz in Resources */,
			);
			runOnlyForDeploymentPostprocessing = 0;
		};
		1221D87A2BF1EFF600CB5EB9 /* Resources */ = {
			isa = PBXResourcesBuildPhase;
			buildActionMask = 2147483647;
			files = (
			);
			runOnlyForDeploymentPostprocessing = 0;
		};
		1221D8842BF1EFF600CB5EB9 /* Resources */ = {
			isa = PBXResourcesBuildPhase;
			buildActionMask = 2147483647;
			files = (
			);
			runOnlyForDeploymentPostprocessing = 0;
		};
/* End PBXResourcesBuildPhase section */

/* Begin PBXSourcesBuildPhase section */
		1221D8682BF1EFF600CB5EB9 /* Sources */ = {
			isa = PBXSourcesBuildPhase;
			buildActionMask = 2147483647;
			files = (
				1276E8F82C2967FC001DDA16 /* GameModel.xcdatamodeld in Sources */,
				12972BB82C06004D00FB6BA0 /* ThemeManager.swift in Sources */,
				C96DF7802C201B9F003D752B /* ARPiece.swift in Sources */,
				C9FE18AE2C19D1490066DD85 /* GameARView.swift in Sources */,
				1221D8A52BF244E500CB5EB9 /* RoundedCorner.swift in Sources */,
				120475052BFE8B600044AD97 /* Effects.swift in Sources */,
				12C595292C2975B10025FADE /* WinningReason.swift in Sources */,
				123F31D92C0E229F009B6D65 /* RoundedButton.swift in Sources */,
				C96DF7822C201BD4003D752B /* ARBoard.swift in Sources */,
				BD6B02C62C024B9B006838AF /* PieceSprite.swift in Sources */,
				1251D1B32C199B1400BCDF5F /* DataManager.swift in Sources */,
				BD6B02CF2C0254E7006838AF /* TileSprite.swift in Sources */,
				12A9E4902C06059200AB8677 /* LanguageManager.swift in Sources */,
				126AB5AF2C09A7B8001555CD /* GameOverStatus.swift in Sources */,
				12B306AA2C28460D00C14B82 /* StatisticsCell.swift in Sources */,
				12972BAF2C05D24900FB6BA0 /* OptionsView.swift in Sources */,
				BD6B02C42C024B75006838AF /* BoardScene.swift in Sources */,
				BDD97D862C088582002B1B9E /* Move.swift in Sources */,
				BDD97D832C087F4E002B1B9E /* GameColors.swift in Sources */,
				122FD9B72BF6A71D000B6D0A /* ScrollViewFade.swift in Sources */,
				12972BB12C05D2B400FB6BA0 /* OptionsButton.swift in Sources */,
				12B306A22C27045300C14B82 /* UserVM.swift in Sources */,
				122FD9B12BF69F1B000B6D0A /* StartGameView.swift in Sources */,
				12F35C942C09A4A4005566B2 /* Strings.swift in Sources */,
				1221D8A72BF24D4E00CB5EB9 /* Styles.swift in Sources */,
				12C595272C2974C70025FADE /* Result.swift in Sources */,
				C961249C2BFF33F000E1E55C /* PlayerIndicatorCell.swift in Sources */,
				1221D89B2BF2401D00CB5EB9 /* HomeView.swift in Sources */,
				120475012BFE14590044AD97 /* UsernameTextInput.swift in Sources */,
				BDDBC0CF2C1C42CF00DBE5C9 /* NodeType.swift in Sources */,
				122FD9B52BF6A377000B6D0A /* BorderEdge.swift in Sources */,
				C9940B552C0885230016CE9F /* GameVM.swift in Sources */,
				1221D8A22BF2431600CB5EB9 /* Colors.swift in Sources */,
				1251D1AE2C18F5CF00BCDF5F /* Player.swift in Sources */,
				BDD97D7F2C087E57002B1B9E /* Animal.swift in Sources */,
				1221D8AB2BF260E700CB5EB9 /* OptionsLeftButton.swift in Sources */,
				BDDBC0CC2C1C34FF00DBE5C9 /* Board.swift in Sources */,
				BDD97D7D2C087E42002B1B9E /* Owner.swift in Sources */,
				12B306A02C26F2C500C14B82 /* StatisticsView.swift in Sources */,
				120475032BFE1B7C0044AD97 /* PicturePicker.swift in Sources */,
				1221D8AB2BF260E700CB5EB9 /* OptionsLeftButton.swift in Sources */,
				1221D8A92BF25F1100CB5EB9 /* PrimaryLeftButton.swift in Sources */,
				C9940B572C0CF7D30016CE9F /* User.swift in Sources */,
				12972BB52C05F43300FB6BA0 /* Theme.swift in Sources */,
				BDAA61082C22CB2D00E6387B /* UIImage.swift in Sources */,
				122FD9B32BF6A0B9000B6D0A /* PartyResumeCell.swift in Sources */,
				120474FF2BFE143F0044AD97 /* PlayerPreparation.swift in Sources */,
				1204750A2C00BD6B0044AD97 /* StartOnePlayerView.swift in Sources */,
				126AB5B82C09F68F001555CD /* StylesCell.swift in Sources */,
				BD6B02C82C024BD7006838AF /* BoardSceneValues.swift in Sources */,
				BDD97D812C087E6E002B1B9E /* CellType.swift in Sources */,
				BD0C968A2C29AE14006B8702 /* GameContext.swift in Sources */,
				C961249E2BFF33FC00E1E55C /* MoveIndicatorCell.swift in Sources */,
				1221D89F2BF2416600CB5EB9 /* GenericLeftButton.swift in Sources */,
				12972BBA2C06027100FB6BA0 /* Language.swift in Sources */,
				12B3069E2C25564700C14B82 /* Image.swift in Sources */,
				BDDBC0D12C1C42E600DBE5C9 /* SKNode.swift in Sources */,
				C961249A2BFE7B4C00E1E55C /* GameView.swift in Sources */,
				12A9E4922C06268300AB8677 /* MenuCell.swift in Sources */,
				C9FE18AC2C19D1340066DD85 /* GameARViewReprensentable.swift in Sources */,
				12E5BA852C20370000110C7E /* HistoricVM.swift in Sources */,
				1221D8702BF1EFF600CB5EB9 /* DouShouQiApp.swift in Sources */,
				120474FD2BFE13F60044AD97 /* StartTwoPlayersView.swift in Sources */,
			);
			runOnlyForDeploymentPostprocessing = 0;
		};
		1221D8782BF1EFF600CB5EB9 /* Sources */ = {
			isa = PBXSourcesBuildPhase;
			buildActionMask = 2147483647;
			files = (
				1221D8812BF1EFF600CB5EB9 /* DouShouQiTests.swift in Sources */,
			);
			runOnlyForDeploymentPostprocessing = 0;
		};
		1221D8822BF1EFF600CB5EB9 /* Sources */ = {
			isa = PBXSourcesBuildPhase;
			buildActionMask = 2147483647;
			files = (
				1221D88D2BF1EFF600CB5EB9 /* DouShouQiUITestsLaunchTests.swift in Sources */,
				1221D88B2BF1EFF600CB5EB9 /* DouShouQiUITests.swift in Sources */,
			);
			runOnlyForDeploymentPostprocessing = 0;
		};
/* End PBXSourcesBuildPhase section */

/* Begin PBXTargetDependency section */
		1221D87E2BF1EFF600CB5EB9 /* PBXTargetDependency */ = {
			isa = PBXTargetDependency;
			target = 1221D86B2BF1EFF600CB5EB9 /* DouShouQi */;
			targetProxy = 1221D87D2BF1EFF600CB5EB9 /* PBXContainerItemProxy */;
		};
		1221D8882BF1EFF600CB5EB9 /* PBXTargetDependency */ = {
			isa = PBXTargetDependency;
			target = 1221D86B2BF1EFF600CB5EB9 /* DouShouQi */;
			targetProxy = 1221D8872BF1EFF600CB5EB9 /* PBXContainerItemProxy */;
		};
/* End PBXTargetDependency section */

/* Begin XCBuildConfiguration section */
		1221D88E2BF1EFF600CB5EB9 /* Debug */ = {
			isa = XCBuildConfiguration;
			buildSettings = {
				ALWAYS_SEARCH_USER_PATHS = NO;
				ASSETCATALOG_COMPILER_ALTERNATE_APPICON_NAMES = AppIcon;
				ASSETCATALOG_COMPILER_GENERATE_SWIFT_ASSET_SYMBOL_EXTENSIONS = YES;
				ASSETCATALOG_COMPILER_INCLUDE_ALL_APPICON_ASSETS = YES;
				CLANG_ANALYZER_NONNULL = YES;
				CLANG_ANALYZER_NUMBER_OBJECT_CONVERSION = YES_AGGRESSIVE;
				CLANG_CXX_LANGUAGE_STANDARD = "gnu++20";
				CLANG_ENABLE_MODULES = YES;
				CLANG_ENABLE_OBJC_ARC = YES;
				CLANG_ENABLE_OBJC_WEAK = YES;
				CLANG_WARN_BLOCK_CAPTURE_AUTORELEASING = YES;
				CLANG_WARN_BOOL_CONVERSION = YES;
				CLANG_WARN_COMMA = YES;
				CLANG_WARN_CONSTANT_CONVERSION = YES;
				CLANG_WARN_DEPRECATED_OBJC_IMPLEMENTATIONS = YES;
				CLANG_WARN_DIRECT_OBJC_ISA_USAGE = YES_ERROR;
				CLANG_WARN_DOCUMENTATION_COMMENTS = YES;
				CLANG_WARN_EMPTY_BODY = YES;
				CLANG_WARN_ENUM_CONVERSION = YES;
				CLANG_WARN_INFINITE_RECURSION = YES;
				CLANG_WARN_INT_CONVERSION = YES;
				CLANG_WARN_NON_LITERAL_NULL_CONVERSION = YES;
				CLANG_WARN_OBJC_IMPLICIT_RETAIN_SELF = YES;
				CLANG_WARN_OBJC_LITERAL_CONVERSION = YES;
				CLANG_WARN_OBJC_ROOT_CLASS = YES_ERROR;
				CLANG_WARN_QUOTED_INCLUDE_IN_FRAMEWORK_HEADER = YES;
				CLANG_WARN_RANGE_LOOP_ANALYSIS = YES;
				CLANG_WARN_STRICT_PROTOTYPES = YES;
				CLANG_WARN_SUSPICIOUS_MOVE = YES;
				CLANG_WARN_UNGUARDED_AVAILABILITY = YES_AGGRESSIVE;
				CLANG_WARN_UNREACHABLE_CODE = YES;
				CLANG_WARN__DUPLICATE_METHOD_MATCH = YES;
				COPY_PHASE_STRIP = NO;
				DEBUG_INFORMATION_FORMAT = dwarf;
				ENABLE_STRICT_OBJC_MSGSEND = YES;
				ENABLE_TESTABILITY = YES;
				ENABLE_USER_SCRIPT_SANDBOXING = YES;
				GCC_C_LANGUAGE_STANDARD = gnu17;
				GCC_DYNAMIC_NO_PIC = NO;
				GCC_NO_COMMON_BLOCKS = YES;
				GCC_OPTIMIZATION_LEVEL = 0;
				GCC_PREPROCESSOR_DEFINITIONS = (
					"DEBUG=1",
					"$(inherited)",
				);
				GCC_WARN_64_TO_32_BIT_CONVERSION = YES;
				GCC_WARN_ABOUT_RETURN_TYPE = YES_ERROR;
				GCC_WARN_UNDECLARED_SELECTOR = YES;
				GCC_WARN_UNINITIALIZED_AUTOS = YES_AGGRESSIVE;
				GCC_WARN_UNUSED_FUNCTION = YES;
				GCC_WARN_UNUSED_VARIABLE = YES;
				IPHONEOS_DEPLOYMENT_TARGET = 17.4;
				LOCALIZATION_PREFERS_STRING_CATALOGS = YES;
				MTL_ENABLE_DEBUG_INFO = INCLUDE_SOURCE;
				MTL_FAST_MATH = YES;
				ONLY_ACTIVE_ARCH = YES;
				SDKROOT = iphoneos;
				SWIFT_ACTIVE_COMPILATION_CONDITIONS = "DEBUG $(inherited)";
				SWIFT_OPTIMIZATION_LEVEL = "-Onone";
			};
			name = Debug;
		};
		1221D88F2BF1EFF600CB5EB9 /* Release */ = {
			isa = XCBuildConfiguration;
			buildSettings = {
				ALWAYS_SEARCH_USER_PATHS = NO;
				ASSETCATALOG_COMPILER_ALTERNATE_APPICON_NAMES = AppIcon;
				ASSETCATALOG_COMPILER_GENERATE_SWIFT_ASSET_SYMBOL_EXTENSIONS = YES;
				ASSETCATALOG_COMPILER_INCLUDE_ALL_APPICON_ASSETS = YES;
				CLANG_ANALYZER_NONNULL = YES;
				CLANG_ANALYZER_NUMBER_OBJECT_CONVERSION = YES_AGGRESSIVE;
				CLANG_CXX_LANGUAGE_STANDARD = "gnu++20";
				CLANG_ENABLE_MODULES = YES;
				CLANG_ENABLE_OBJC_ARC = YES;
				CLANG_ENABLE_OBJC_WEAK = YES;
				CLANG_WARN_BLOCK_CAPTURE_AUTORELEASING = YES;
				CLANG_WARN_BOOL_CONVERSION = YES;
				CLANG_WARN_COMMA = YES;
				CLANG_WARN_CONSTANT_CONVERSION = YES;
				CLANG_WARN_DEPRECATED_OBJC_IMPLEMENTATIONS = YES;
				CLANG_WARN_DIRECT_OBJC_ISA_USAGE = YES_ERROR;
				CLANG_WARN_DOCUMENTATION_COMMENTS = YES;
				CLANG_WARN_EMPTY_BODY = YES;
				CLANG_WARN_ENUM_CONVERSION = YES;
				CLANG_WARN_INFINITE_RECURSION = YES;
				CLANG_WARN_INT_CONVERSION = YES;
				CLANG_WARN_NON_LITERAL_NULL_CONVERSION = YES;
				CLANG_WARN_OBJC_IMPLICIT_RETAIN_SELF = YES;
				CLANG_WARN_OBJC_LITERAL_CONVERSION = YES;
				CLANG_WARN_OBJC_ROOT_CLASS = YES_ERROR;
				CLANG_WARN_QUOTED_INCLUDE_IN_FRAMEWORK_HEADER = YES;
				CLANG_WARN_RANGE_LOOP_ANALYSIS = YES;
				CLANG_WARN_STRICT_PROTOTYPES = YES;
				CLANG_WARN_SUSPICIOUS_MOVE = YES;
				CLANG_WARN_UNGUARDED_AVAILABILITY = YES_AGGRESSIVE;
				CLANG_WARN_UNREACHABLE_CODE = YES;
				CLANG_WARN__DUPLICATE_METHOD_MATCH = YES;
				COPY_PHASE_STRIP = NO;
				DEBUG_INFORMATION_FORMAT = "dwarf-with-dsym";
				ENABLE_NS_ASSERTIONS = NO;
				ENABLE_STRICT_OBJC_MSGSEND = YES;
				ENABLE_USER_SCRIPT_SANDBOXING = YES;
				GCC_C_LANGUAGE_STANDARD = gnu17;
				GCC_NO_COMMON_BLOCKS = YES;
				GCC_WARN_64_TO_32_BIT_CONVERSION = YES;
				GCC_WARN_ABOUT_RETURN_TYPE = YES_ERROR;
				GCC_WARN_UNDECLARED_SELECTOR = YES;
				GCC_WARN_UNINITIALIZED_AUTOS = YES_AGGRESSIVE;
				GCC_WARN_UNUSED_FUNCTION = YES;
				GCC_WARN_UNUSED_VARIABLE = YES;
				IPHONEOS_DEPLOYMENT_TARGET = 17.4;
				LOCALIZATION_PREFERS_STRING_CATALOGS = YES;
				MTL_ENABLE_DEBUG_INFO = NO;
				MTL_FAST_MATH = YES;
				SDKROOT = iphoneos;
				SWIFT_COMPILATION_MODE = wholemodule;
				VALIDATE_PRODUCT = YES;
			};
			name = Release;
		};
		1221D8912BF1EFF600CB5EB9 /* Debug */ = {
			isa = XCBuildConfiguration;
			buildSettings = {
				ASSETCATALOG_COMPILER_APPICON_NAME = AppIcon;
				ASSETCATALOG_COMPILER_GLOBAL_ACCENT_COLOR_NAME = AccentColor;
				CODE_SIGN_STYLE = Automatic;
				CURRENT_PROJECT_VERSION = 1;
				DEVELOPMENT_ASSET_PATHS = "\"DouShouQi/Preview Content\"";
				DEVELOPMENT_TEAM = P39ZK4GA2T;
				ENABLE_PREVIEWS = YES;
				GENERATE_INFOPLIST_FILE = YES;
				INFOPLIST_KEY_NSCameraUsageDescription = "use camera";
				INFOPLIST_KEY_UIApplicationSceneManifest_Generation = YES;
				INFOPLIST_KEY_UIApplicationSupportsIndirectInputEvents = YES;
				INFOPLIST_KEY_UILaunchScreen_Generation = YES;
				INFOPLIST_KEY_UISupportedInterfaceOrientations_iPad = "UIInterfaceOrientationPortrait UIInterfaceOrientationPortraitUpsideDown UIInterfaceOrientationLandscapeLeft UIInterfaceOrientationLandscapeRight";
				INFOPLIST_KEY_UISupportedInterfaceOrientations_iPhone = "UIInterfaceOrientationPortrait UIInterfaceOrientationLandscapeLeft UIInterfaceOrientationLandscapeRight";
				LD_RUNPATH_SEARCH_PATHS = (
					"$(inherited)",
					"@executable_path/Frameworks",
				);
				MARKETING_VERSION = 1.0;
				PRODUCT_BUNDLE_IDENTIFIER = Apple.DouShouQi;
				PRODUCT_NAME = "$(TARGET_NAME)";
				SWIFT_EMIT_LOC_STRINGS = YES;
				SWIFT_VERSION = 5.0;
				TARGETED_DEVICE_FAMILY = "1,2";
			};
			name = Debug;
		};
		1221D8922BF1EFF600CB5EB9 /* Release */ = {
			isa = XCBuildConfiguration;
			buildSettings = {
				ASSETCATALOG_COMPILER_APPICON_NAME = AppIcon;
				ASSETCATALOG_COMPILER_GLOBAL_ACCENT_COLOR_NAME = AccentColor;
				CODE_SIGN_STYLE = Automatic;
				CURRENT_PROJECT_VERSION = 1;
				DEVELOPMENT_ASSET_PATHS = "\"DouShouQi/Preview Content\"";
				DEVELOPMENT_TEAM = P39ZK4GA2T;
				ENABLE_PREVIEWS = YES;
				GENERATE_INFOPLIST_FILE = YES;
				INFOPLIST_KEY_NSCameraUsageDescription = "use camera";
				INFOPLIST_KEY_UIApplicationSceneManifest_Generation = YES;
				INFOPLIST_KEY_UIApplicationSupportsIndirectInputEvents = YES;
				INFOPLIST_KEY_UILaunchScreen_Generation = YES;
				INFOPLIST_KEY_UISupportedInterfaceOrientations_iPad = "UIInterfaceOrientationPortrait UIInterfaceOrientationPortraitUpsideDown UIInterfaceOrientationLandscapeLeft UIInterfaceOrientationLandscapeRight";
				INFOPLIST_KEY_UISupportedInterfaceOrientations_iPhone = "UIInterfaceOrientationPortrait UIInterfaceOrientationLandscapeLeft UIInterfaceOrientationLandscapeRight";
				LD_RUNPATH_SEARCH_PATHS = (
					"$(inherited)",
					"@executable_path/Frameworks",
				);
				MARKETING_VERSION = 1.0;
				PRODUCT_BUNDLE_IDENTIFIER = Apple.DouShouQi;
				PRODUCT_NAME = "$(TARGET_NAME)";
				SWIFT_EMIT_LOC_STRINGS = YES;
				SWIFT_VERSION = 5.0;
				TARGETED_DEVICE_FAMILY = "1,2";
			};
			name = Release;
		};
		1221D8942BF1EFF600CB5EB9 /* Debug */ = {
			isa = XCBuildConfiguration;
			buildSettings = {
				ALWAYS_EMBED_SWIFT_STANDARD_LIBRARIES = YES;
				BUNDLE_LOADER = "$(TEST_HOST)";
				CODE_SIGN_STYLE = Automatic;
				CURRENT_PROJECT_VERSION = 1;
				DEVELOPMENT_TEAM = 35KQ5BDC64;
				GENERATE_INFOPLIST_FILE = YES;
				IPHONEOS_DEPLOYMENT_TARGET = 17.4;
				MARKETING_VERSION = 1.0;
				PRODUCT_BUNDLE_IDENTIFIER = IOS.DouShouQiTests;
				PRODUCT_NAME = "$(TARGET_NAME)";
				SWIFT_EMIT_LOC_STRINGS = NO;
				SWIFT_VERSION = 5.0;
				TARGETED_DEVICE_FAMILY = "1,2";
				TEST_HOST = "$(BUILT_PRODUCTS_DIR)/DouShouQi.app/$(BUNDLE_EXECUTABLE_FOLDER_PATH)/DouShouQi";
			};
			name = Debug;
		};
		1221D8952BF1EFF600CB5EB9 /* Release */ = {
			isa = XCBuildConfiguration;
			buildSettings = {
				ALWAYS_EMBED_SWIFT_STANDARD_LIBRARIES = YES;
				BUNDLE_LOADER = "$(TEST_HOST)";
				CODE_SIGN_STYLE = Automatic;
				CURRENT_PROJECT_VERSION = 1;
				DEVELOPMENT_TEAM = 35KQ5BDC64;
				GENERATE_INFOPLIST_FILE = YES;
				IPHONEOS_DEPLOYMENT_TARGET = 17.4;
				MARKETING_VERSION = 1.0;
				PRODUCT_BUNDLE_IDENTIFIER = IOS.DouShouQiTests;
				PRODUCT_NAME = "$(TARGET_NAME)";
				SWIFT_EMIT_LOC_STRINGS = NO;
				SWIFT_VERSION = 5.0;
				TARGETED_DEVICE_FAMILY = "1,2";
				TEST_HOST = "$(BUILT_PRODUCTS_DIR)/DouShouQi.app/$(BUNDLE_EXECUTABLE_FOLDER_PATH)/DouShouQi";
			};
			name = Release;
		};
		1221D8972BF1EFF600CB5EB9 /* Debug */ = {
			isa = XCBuildConfiguration;
			buildSettings = {
				ALWAYS_EMBED_SWIFT_STANDARD_LIBRARIES = YES;
				CODE_SIGN_STYLE = Automatic;
				CURRENT_PROJECT_VERSION = 1;
				DEVELOPMENT_TEAM = 35KQ5BDC64;
				GENERATE_INFOPLIST_FILE = YES;
				MARKETING_VERSION = 1.0;
				PRODUCT_BUNDLE_IDENTIFIER = IOS.DouShouQiUITests;
				PRODUCT_NAME = "$(TARGET_NAME)";
				SWIFT_EMIT_LOC_STRINGS = NO;
				SWIFT_VERSION = 5.0;
				TARGETED_DEVICE_FAMILY = "1,2";
				TEST_TARGET_NAME = DouShouQi;
			};
			name = Debug;
		};
		1221D8982BF1EFF600CB5EB9 /* Release */ = {
			isa = XCBuildConfiguration;
			buildSettings = {
				ALWAYS_EMBED_SWIFT_STANDARD_LIBRARIES = YES;
				CODE_SIGN_STYLE = Automatic;
				CURRENT_PROJECT_VERSION = 1;
				DEVELOPMENT_TEAM = 35KQ5BDC64;
				GENERATE_INFOPLIST_FILE = YES;
				MARKETING_VERSION = 1.0;
				PRODUCT_BUNDLE_IDENTIFIER = IOS.DouShouQiUITests;
				PRODUCT_NAME = "$(TARGET_NAME)";
				SWIFT_EMIT_LOC_STRINGS = NO;
				SWIFT_VERSION = 5.0;
				TARGETED_DEVICE_FAMILY = "1,2";
				TEST_TARGET_NAME = DouShouQi;
			};
			name = Release;
		};
/* End XCBuildConfiguration section */

/* Begin XCConfigurationList section */
		1221D8672BF1EFF600CB5EB9 /* Build configuration list for PBXProject "DouShouQi" */ = {
			isa = XCConfigurationList;
			buildConfigurations = (
				1221D88E2BF1EFF600CB5EB9 /* Debug */,
				1221D88F2BF1EFF600CB5EB9 /* Release */,
			);
			defaultConfigurationIsVisible = 0;
			defaultConfigurationName = Release;
		};
		1221D8902BF1EFF600CB5EB9 /* Build configuration list for PBXNativeTarget "DouShouQi" */ = {
			isa = XCConfigurationList;
			buildConfigurations = (
				1221D8912BF1EFF600CB5EB9 /* Debug */,
				1221D8922BF1EFF600CB5EB9 /* Release */,
			);
			defaultConfigurationIsVisible = 0;
			defaultConfigurationName = Release;
		};
		1221D8932BF1EFF600CB5EB9 /* Build configuration list for PBXNativeTarget "DouShouQiTests" */ = {
			isa = XCConfigurationList;
			buildConfigurations = (
				1221D8942BF1EFF600CB5EB9 /* Debug */,
				1221D8952BF1EFF600CB5EB9 /* Release */,
			);
			defaultConfigurationIsVisible = 0;
			defaultConfigurationName = Release;
		};
		1221D8962BF1EFF600CB5EB9 /* Build configuration list for PBXNativeTarget "DouShouQiUITests" */ = {
			isa = XCConfigurationList;
			buildConfigurations = (
				1221D8972BF1EFF600CB5EB9 /* Debug */,
				1221D8982BF1EFF600CB5EB9 /* Release */,
			);
			defaultConfigurationIsVisible = 0;
			defaultConfigurationName = Release;
		};
/* End XCConfigurationList section */

/* Begin XCVersionGroup section */
		1276E8F42C2966B3001DDA16 /* GameModel.xcdatamodeld */ = {
			isa = XCVersionGroup;
			children = (
				1276E8F52C2966B3001DDA16 /* GameModel.xcdatamodel */,
			);
			currentVersion = 1276E8F52C2966B3001DDA16 /* GameModel.xcdatamodel */;
			path = GameModel.xcdatamodeld;
			sourceTree = "<group>";
			versionGroupType = wrapper.xcdatamodel;
		};
/* End XCVersionGroup section */
	};
	rootObject = 1221D8642BF1EFF600CB5EB9 /* Project object */;
}
